// !$*UTF8*$!
{
	archiveVersion = 1;
	classes = {
	};
	objectVersion = 51;
	objects = {

/* Begin PBXBuildFile section */
		2A0306022477BC3600DF86C6 /* NSObjectExtension.swift in Sources */ = {isa = PBXBuildFile; fileRef = 2A0306012477BC3500DF86C6 /* NSObjectExtension.swift */; };
		2A0306042477BC4700DF86C6 /* SwiftHookOCTests.m in Sources */ = {isa = PBXBuildFile; fileRef = 2A0306032477BC4700DF86C6 /* SwiftHookOCTests.m */; };
		2A0BE1AF2468210800B30BE3 /* ClassMethodBeforeTests.swift in Sources */ = {isa = PBXBuildFile; fileRef = 2A0BE1AE2468210800B30BE3 /* ClassMethodBeforeTests.swift */; };
		2A0BE1B12468241C00B30BE3 /* ClassMethodAfterTests.swift in Sources */ = {isa = PBXBuildFile; fileRef = 2A0BE1B02468241C00B30BE3 /* ClassMethodAfterTests.swift */; };
		2A0BE1B3246824B800B30BE3 /* ClassMethodInsteadTests.swift in Sources */ = {isa = PBXBuildFile; fileRef = 2A0BE1B2246824B800B30BE3 /* ClassMethodInsteadTests.swift */; };
		2A1134EC24713D30008555F9 /* HookDeallocAfterDelegate.swift in Sources */ = {isa = PBXBuildFile; fileRef = 2A1134EB24713D30008555F9 /* HookDeallocAfterDelegate.swift */; };
		2A1134EE2471450E008555F9 /* HookDeallocAfterDelegateTests.swift in Sources */ = {isa = PBXBuildFile; fileRef = 2A1134ED2471450E008555F9 /* HookDeallocAfterDelegateTests.swift */; };
		2A172A5424756B18001FD825 /* HookInternalTests.swift in Sources */ = {isa = PBXBuildFile; fileRef = 2A172A5324756B18001FD825 /* HookInternalTests.swift */; };
		2A1811CC2461A23000B5F18F /* OverrideSuperMethodTests.swift in Sources */ = {isa = PBXBuildFile; fileRef = 2A1811CB2461A23000B5F18F /* OverrideSuperMethodTests.swift */; };
		2A22A75A24E4E7E0008B81E5 /* MethodObjectAndSelectorTest.swift in Sources */ = {isa = PBXBuildFile; fileRef = 2A22A75924E4E7E0008B81E5 /* MethodObjectAndSelectorTest.swift */; };
		2A2744A0246D8B7E00AE6A9A /* ObjectiveCUtilities.m in Sources */ = {isa = PBXBuildFile; fileRef = 2A27449F246D8B7E00AE6A9A /* ObjectiveCUtilities.m */; };
		2A2744A2246D8C5F00AE6A9A /* SwiftUtilities.swift in Sources */ = {isa = PBXBuildFile; fileRef = 2A2744A1246D8C5F00AE6A9A /* SwiftUtilities.swift */; };
		2A2744A4246DA37F00AE6A9A /* DynamicClassTests.swift in Sources */ = {isa = PBXBuildFile; fileRef = 2A2744A3246DA37F00AE6A9A /* DynamicClassTests.swift */; };
		2A28021B2522DC02004F3291 /* VariableCaptureTests.swift in Sources */ = {isa = PBXBuildFile; fileRef = 2A28021A2522DC02004F3291 /* VariableCaptureTests.swift */; };
		2A2F212424758C7D0032A64D /* HookContextTests.swift in Sources */ = {isa = PBXBuildFile; fileRef = 2A2F212324758C7D0032A64D /* HookContextTests.swift */; };
		2A348FC62459C1A500DD6ED7 /* SHMethodSignature.h in Headers */ = {isa = PBXBuildFile; fileRef = 2A348FC42459C1A500DD6ED7 /* SHMethodSignature.h */; settings = {ATTRIBUTES = (Public, ); }; };
		2A348FC72459C1A500DD6ED7 /* SHMethodSignature.m in Sources */ = {isa = PBXBuildFile; fileRef = 2A348FC52459C1A500DD6ED7 /* SHMethodSignature.m */; };
		2A3A4A6E245C090100FE1EFC /* SHFFITypeContext.h in Headers */ = {isa = PBXBuildFile; fileRef = 2A3A4A6C245C090100FE1EFC /* SHFFITypeContext.h */; settings = {ATTRIBUTES = (Public, ); }; };
		2A3A4A6F245C090100FE1EFC /* SHFFITypeContext.m in Sources */ = {isa = PBXBuildFile; fileRef = 2A3A4A6D245C090100FE1EFC /* SHFFITypeContext.m */; };
		2A3A4A71245C303C00FE1EFC /* FFITypeContextTests.swift in Sources */ = {isa = PBXBuildFile; fileRef = 2A3A4A70245C303C00FE1EFC /* FFITypeContextTests.swift */; };
		2A4559AC24F570D8003817C1 /* InsteadHookClosureExtension.swift in Sources */ = {isa = PBXBuildFile; fileRef = 2A4559AB24F570D8003817C1 /* InsteadHookClosureExtension.swift */; };
		2A49D84B247D0DDB00E61036 /* AspectsTests.m in Sources */ = {isa = PBXBuildFile; fileRef = 2A49D849247D0DDB00E61036 /* AspectsTests.m */; };
		2A49D84D247D0F7A00E61036 /* AspectsErrorTests.m in Sources */ = {isa = PBXBuildFile; fileRef = 2A49D84C247D0F7A00E61036 /* AspectsErrorTests.m */; };
		2A5363942460762F008B8A94 /* OverrideSuperMethod.swift in Sources */ = {isa = PBXBuildFile; fileRef = 2A5363932460762F008B8A94 /* OverrideSuperMethod.swift */; };
		2A562936250A8A1D00426C2F /* StructTests.swift in Sources */ = {isa = PBXBuildFile; fileRef = 2A562935250A8A1D00426C2F /* StructTests.swift */; };
		2A5A484C247D11FE002A3544 /* SwiftHook.framework in Frameworks */ = {isa = PBXBuildFile; fileRef = 2AB67351245834E30011536D /* SwiftHook.framework */; };
		2A5A485A247D3CE9002A3544 /* PerformanceTests.m in Sources */ = {isa = PBXBuildFile; fileRef = 2A5A4859247D3CE9002A3544 /* PerformanceTests.m */; };
		2A5C8D5824670C6E00812DAD /* AllInstancesBeforeTests.swift in Sources */ = {isa = PBXBuildFile; fileRef = 2A5C8D5724670C6E00812DAD /* AllInstancesBeforeTests.swift */; };
		2A5C8D5A24670C9400812DAD /* AllInstancesAfterTests.swift in Sources */ = {isa = PBXBuildFile; fileRef = 2A5C8D5924670C9400812DAD /* AllInstancesAfterTests.swift */; };
		2A5C8D5C24670CA500812DAD /* AllInstancesInsteadTests.swift in Sources */ = {isa = PBXBuildFile; fileRef = 2A5C8D5B24670CA500812DAD /* AllInstancesInsteadTests.swift */; };
		2A5C8D5E24670DC800812DAD /* MemoryTests.swift in Sources */ = {isa = PBXBuildFile; fileRef = 2A5C8D5D24670DC800812DAD /* MemoryTests.swift */; };
		2A65762F2472BA9A00FE57CE /* TargetObjectExtension.swift in Sources */ = {isa = PBXBuildFile; fileRef = 2A65762E2472BA9A00FE57CE /* TargetObjectExtension.swift */; };
		2A65FB4B246800F800535203 /* HookInternal.swift in Sources */ = {isa = PBXBuildFile; fileRef = 2A65FB4A246800F800535203 /* HookInternal.swift */; };
		2A7015112463F57200B81219 /* SHMethodSignatureTests.swift in Sources */ = {isa = PBXBuildFile; fileRef = 2A7015102463F57200B81219 /* SHMethodSignatureTests.swift */; };
		2A701513246413CE00B81219 /* Utilities.swift in Sources */ = {isa = PBXBuildFile; fileRef = 2A701512246413CE00B81219 /* Utilities.swift */; };
		2A728721246E76F7002D63A1 /* ThreadSafetyTests.swift in Sources */ = {isa = PBXBuildFile; fileRef = 2A728720246E76F7002D63A1 /* ThreadSafetyTests.swift */; };
		2A728728246EC1AB002D63A1 /* SwiftHook.swift in Sources */ = {isa = PBXBuildFile; fileRef = 2A728727246EC1AB002D63A1 /* SwiftHook.swift */; };
		2A7F43C02458359E00A63935 /* HookContext.swift in Sources */ = {isa = PBXBuildFile; fileRef = 2A7F43BE2458359E00A63935 /* HookContext.swift */; };
		2A7F43CA245835D600A63935 /* LibffiTests.swift in Sources */ = {isa = PBXBuildFile; fileRef = 2A7F43C6245835D600A63935 /* LibffiTests.swift */; };
		2A7F43CB245835D600A63935 /* LibffiTestsOC.m in Sources */ = {isa = PBXBuildFile; fileRef = 2A7F43C7245835D600A63935 /* LibffiTestsOC.m */; };
		2A7F43CC245835D600A63935 /* TestObject.swift in Sources */ = {isa = PBXBuildFile; fileRef = 2A7F43C8245835D600A63935 /* TestObject.swift */; };
		2A8BB5092474458700942DDC /* ParametersCheckingTests.swift in Sources */ = {isa = PBXBuildFile; fileRef = 2A8BB5082474458700942DDC /* ParametersCheckingTests.swift */; };
		2A8FBD4A246ED53300037E7E /* SpecialMethodTests.swift in Sources */ = {isa = PBXBuildFile; fileRef = 2A8FBD49246ED53300037E7E /* SpecialMethodTests.swift */; };
		2A8FBD4D246ED5AA00037E7E /* ObjectiveCTestObject.m in Sources */ = {isa = PBXBuildFile; fileRef = 2A8FBD4C246ED5AA00037E7E /* ObjectiveCTestObject.m */; };
		2A951D41246BF784000DB1E7 /* SingleInstancesBeforeTests.swift in Sources */ = {isa = PBXBuildFile; fileRef = 2A951D40246BF784000DB1E7 /* SingleInstancesBeforeTests.swift */; };
		2A951D43246BF796000DB1E7 /* SingleInstancesAfterTests.swift in Sources */ = {isa = PBXBuildFile; fileRef = 2A951D42246BF796000DB1E7 /* SingleInstancesAfterTests.swift */; };
		2A951D45246BF7A4000DB1E7 /* SingleInstancesInsteadTests.swift in Sources */ = {isa = PBXBuildFile; fileRef = 2A951D44246BF7A4000DB1E7 /* SingleInstancesInsteadTests.swift */; };
		2A951D5F246C5F63000DB1E7 /* DynamicClass.swift in Sources */ = {isa = PBXBuildFile; fileRef = 2A951D5E246C5F63000DB1E7 /* DynamicClass.swift */; };
		2A96867B2485FA47004A2DD7 /* FFICIFContext.swift in Sources */ = {isa = PBXBuildFile; fileRef = 2A96867A2485FA47004A2DD7 /* FFICIFContext.swift */; };
		2A96867D2485FDBE004A2DD7 /* FFIClosureContext.swift in Sources */ = {isa = PBXBuildFile; fileRef = 2A96867C2485FDBE004A2DD7 /* FFIClosureContext.swift */; };
		2A99159C24587BF4007955E7 /* SignatureTests.swift in Sources */ = {isa = PBXBuildFile; fileRef = 2A99159B24587BF4007955E7 /* SignatureTests.swift */; };
		2AA23CB8247E6ED3003776FC /* AspectsSwiftTests.swift in Sources */ = {isa = PBXBuildFile; fileRef = 2AA23CB7247E6ED3003776FC /* AspectsSwiftTests.swift */; };
		2AB6735B245834E30011536D /* SwiftHook.framework in Frameworks */ = {isa = PBXBuildFile; fileRef = 2AB67351245834E30011536D /* SwiftHook.framework */; };
		2AB67360245834E30011536D /* SwiftHookTests.swift in Sources */ = {isa = PBXBuildFile; fileRef = 2AB6735F245834E30011536D /* SwiftHookTests.swift */; };
		2AB67362245834E30011536D /* SwiftHook.h in Headers */ = {isa = PBXBuildFile; fileRef = 2AB67354245834E30011536D /* SwiftHook.h */; settings = {ATTRIBUTES = (Public, ); }; };
		2ABBD40B24EA96700094FEE0 /* ParametersCheck.swift in Sources */ = {isa = PBXBuildFile; fileRef = 2ABBD40A24EA96700094FEE0 /* ParametersCheck.swift */; };
		2AC10C80245872F200ED6815 /* Signature.swift in Sources */ = {isa = PBXBuildFile; fileRef = 2AC10C7F245872F200ED6815 /* Signature.swift */; };
		2AD183CB24650AE500B8EC51 /* SHObjectiveCUtilities.h in Headers */ = {isa = PBXBuildFile; fileRef = 2AD183C924650AE500B8EC51 /* SHObjectiveCUtilities.h */; settings = {ATTRIBUTES = (Public, ); }; };
		2AD183CC24650AE500B8EC51 /* SHObjectiveCUtilities.m in Sources */ = {isa = PBXBuildFile; fileRef = 2AD183CA24650AE500B8EC51 /* SHObjectiveCUtilities.m */; };
		2AEE4F152476CB2E00F822D9 /* CompatibilityTests.swift in Sources */ = {isa = PBXBuildFile; fileRef = 2AEE4F142476CB2E00F822D9 /* CompatibilityTests.swift */; };
		2AFCFC0524F7D7E400F31C39 /* OrderTests.swift in Sources */ = {isa = PBXBuildFile; fileRef = 2AFCFC0424F7D7E400F31C39 /* OrderTests.swift */; };
		5C0F5BF725B03FF900AEB73C /* KVOWrapperTests.swift in Sources */ = {isa = PBXBuildFile; fileRef = 5C0F5BF625B03FF900AEB73C /* KVOWrapperTests.swift */; };
		5C178C5425DFC9C7001E4151 /* Empty.swift in Sources */ = {isa = PBXBuildFile; fileRef = 5C178C5325DFC9C7001E4151 /* Empty.swift */; };
		5C19C75C25C5643300C12968 /* ParametersCheckingOCTests.m in Sources */ = {isa = PBXBuildFile; fileRef = 5C19C75B25C5643300C12968 /* ParametersCheckingOCTests.m */; };
		5C1C560C25B1966D00452D25 /* KVOWrapperOCTests.m in Sources */ = {isa = PBXBuildFile; fileRef = 5C1C560B25B1966D00452D25 /* KVOWrapperOCTests.m */; };
		5C4AB44D25BED9E5005BEC0C /* NSKVONotifying_MyClass.m in Sources */ = {isa = PBXBuildFile; fileRef = 5C4AB44C25BED9E5005BEC0C /* NSKVONotifying_MyClass.m */; };
		5CB66E0425BFB4C200086205 /* SwiftHook_MyClass.m in Sources */ = {isa = PBXBuildFile; fileRef = 5CB66E0325BFB4C200086205 /* SwiftHook_MyClass.m */; };
		5CB7A7F525BAC82C002E85BC /* SpecialClassTests.m in Sources */ = {isa = PBXBuildFile; fileRef = 5CB7A7F425BAC82C002E85BC /* SpecialClassTests.m */; };
		5CBCCE1D25985EBF0016EA11 /* KVOWrapper.swift in Sources */ = {isa = PBXBuildFile; fileRef = 5CBCCE1C25985EBF0016EA11 /* KVOWrapper.swift */; };
		7AD8C40F3055E327661F4899 /* Pods_abstract_SwiftHook_abstract_Tests_SwiftHookTests.framework in Frameworks */ = {isa = PBXBuildFile; fileRef = FEAD8798D180A50367B01ECD /* Pods_abstract_SwiftHook_abstract_Tests_SwiftHookTests.framework */; };
		9D9BA436787C8D1A1DD0FC11 /* Pods_abstract_SwiftHook_abstract_Tests_PerformanceTests.framework in Frameworks */ = {isa = PBXBuildFile; fileRef = 7DF1E0C29467EB34BE523DCD /* Pods_abstract_SwiftHook_abstract_Tests_PerformanceTests.framework */; };
		B3308AE5EE0DFBB46D3B36E1 /* Pods_abstract_SwiftHook_SwiftHook.framework in Frameworks */ = {isa = PBXBuildFile; fileRef = 3DB31730A08C58A7462F1907 /* Pods_abstract_SwiftHook_SwiftHook.framework */; };
/* End PBXBuildFile section */

/* Begin PBXContainerItemProxy section */
		2A5A484D247D11FE002A3544 /* PBXContainerItemProxy */ = {
			isa = PBXContainerItemProxy;
			containerPortal = 2AB67348245834E30011536D /* Project object */;
			proxyType = 1;
			remoteGlobalIDString = 2AB67350245834E30011536D;
			remoteInfo = SwiftHook;
		};
		2AB6735C245834E30011536D /* PBXContainerItemProxy */ = {
			isa = PBXContainerItemProxy;
			containerPortal = 2AB67348245834E30011536D /* Project object */;
			proxyType = 1;
			remoteGlobalIDString = 2AB67350245834E30011536D;
			remoteInfo = SwiftHook;
		};
/* End PBXContainerItemProxy section */

/* Begin PBXFileReference section */
		2A0306012477BC3500DF86C6 /* NSObjectExtension.swift */ = {isa = PBXFileReference; fileEncoding = 4; lastKnownFileType = sourcecode.swift; path = NSObjectExtension.swift; sourceTree = "<group>"; };
		2A0306032477BC4700DF86C6 /* SwiftHookOCTests.m */ = {isa = PBXFileReference; fileEncoding = 4; lastKnownFileType = sourcecode.c.objc; path = SwiftHookOCTests.m; sourceTree = "<group>"; };
		2A0BE1AE2468210800B30BE3 /* ClassMethodBeforeTests.swift */ = {isa = PBXFileReference; lastKnownFileType = sourcecode.swift; path = ClassMethodBeforeTests.swift; sourceTree = "<group>"; };
		2A0BE1B02468241C00B30BE3 /* ClassMethodAfterTests.swift */ = {isa = PBXFileReference; lastKnownFileType = sourcecode.swift; path = ClassMethodAfterTests.swift; sourceTree = "<group>"; };
		2A0BE1B2246824B800B30BE3 /* ClassMethodInsteadTests.swift */ = {isa = PBXFileReference; lastKnownFileType = sourcecode.swift; path = ClassMethodInsteadTests.swift; sourceTree = "<group>"; };
		2A1134EB24713D30008555F9 /* HookDeallocAfterDelegate.swift */ = {isa = PBXFileReference; lastKnownFileType = sourcecode.swift; path = HookDeallocAfterDelegate.swift; sourceTree = "<group>"; };
		2A1134ED2471450E008555F9 /* HookDeallocAfterDelegateTests.swift */ = {isa = PBXFileReference; lastKnownFileType = sourcecode.swift; path = HookDeallocAfterDelegateTests.swift; sourceTree = "<group>"; };
		2A172A5324756B18001FD825 /* HookInternalTests.swift */ = {isa = PBXFileReference; lastKnownFileType = sourcecode.swift; path = HookInternalTests.swift; sourceTree = "<group>"; };
		2A1811CB2461A23000B5F18F /* OverrideSuperMethodTests.swift */ = {isa = PBXFileReference; fileEncoding = 4; lastKnownFileType = sourcecode.swift; path = OverrideSuperMethodTests.swift; sourceTree = "<group>"; };
		2A22A75924E4E7E0008B81E5 /* MethodObjectAndSelectorTest.swift */ = {isa = PBXFileReference; lastKnownFileType = sourcecode.swift; path = MethodObjectAndSelectorTest.swift; sourceTree = "<group>"; };
		2A27449E246D8B7E00AE6A9A /* ObjectiveCUtilities.h */ = {isa = PBXFileReference; lastKnownFileType = sourcecode.c.h; path = ObjectiveCUtilities.h; sourceTree = "<group>"; };
		2A27449F246D8B7E00AE6A9A /* ObjectiveCUtilities.m */ = {isa = PBXFileReference; lastKnownFileType = sourcecode.c.objc; path = ObjectiveCUtilities.m; sourceTree = "<group>"; };
		2A2744A1246D8C5F00AE6A9A /* SwiftUtilities.swift */ = {isa = PBXFileReference; lastKnownFileType = sourcecode.swift; path = SwiftUtilities.swift; sourceTree = "<group>"; };
		2A2744A3246DA37F00AE6A9A /* DynamicClassTests.swift */ = {isa = PBXFileReference; lastKnownFileType = sourcecode.swift; path = DynamicClassTests.swift; sourceTree = "<group>"; };
		2A28021A2522DC02004F3291 /* VariableCaptureTests.swift */ = {isa = PBXFileReference; lastKnownFileType = sourcecode.swift; path = VariableCaptureTests.swift; sourceTree = "<group>"; };
		2A2F212324758C7D0032A64D /* HookContextTests.swift */ = {isa = PBXFileReference; lastKnownFileType = sourcecode.swift; path = HookContextTests.swift; sourceTree = "<group>"; };
		2A348FC42459C1A500DD6ED7 /* SHMethodSignature.h */ = {isa = PBXFileReference; lastKnownFileType = sourcecode.c.h; path = SHMethodSignature.h; sourceTree = "<group>"; };
		2A348FC52459C1A500DD6ED7 /* SHMethodSignature.m */ = {isa = PBXFileReference; lastKnownFileType = sourcecode.c.objc; path = SHMethodSignature.m; sourceTree = "<group>"; };
		2A3A4A6C245C090100FE1EFC /* SHFFITypeContext.h */ = {isa = PBXFileReference; lastKnownFileType = sourcecode.c.h; path = SHFFITypeContext.h; sourceTree = "<group>"; };
		2A3A4A6D245C090100FE1EFC /* SHFFITypeContext.m */ = {isa = PBXFileReference; lastKnownFileType = sourcecode.c.objc; path = SHFFITypeContext.m; sourceTree = "<group>"; };
		2A3A4A70245C303C00FE1EFC /* FFITypeContextTests.swift */ = {isa = PBXFileReference; lastKnownFileType = sourcecode.swift; path = FFITypeContextTests.swift; sourceTree = "<group>"; };
		2A4559AB24F570D8003817C1 /* InsteadHookClosureExtension.swift */ = {isa = PBXFileReference; lastKnownFileType = sourcecode.swift; path = InsteadHookClosureExtension.swift; sourceTree = "<group>"; };
		2A49D849247D0DDB00E61036 /* AspectsTests.m */ = {isa = PBXFileReference; fileEncoding = 4; lastKnownFileType = sourcecode.c.objc; path = AspectsTests.m; sourceTree = "<group>"; };
		2A49D84C247D0F7A00E61036 /* AspectsErrorTests.m */ = {isa = PBXFileReference; lastKnownFileType = sourcecode.c.objc; path = AspectsErrorTests.m; sourceTree = "<group>"; };
		2A5363932460762F008B8A94 /* OverrideSuperMethod.swift */ = {isa = PBXFileReference; lastKnownFileType = sourcecode.swift; path = OverrideSuperMethod.swift; sourceTree = "<group>"; };
		2A562935250A8A1D00426C2F /* StructTests.swift */ = {isa = PBXFileReference; lastKnownFileType = sourcecode.swift; path = StructTests.swift; sourceTree = "<group>"; };
		2A58BF99245C94F2005227F5 /* ComplexityStruct.h */ = {isa = PBXFileReference; lastKnownFileType = sourcecode.c.h; path = ComplexityStruct.h; sourceTree = "<group>"; };
		2A5A4847247D11FE002A3544 /* PerformanceTests.xctest */ = {isa = PBXFileReference; explicitFileType = wrapper.cfbundle; includeInIndex = 0; path = PerformanceTests.xctest; sourceTree = BUILT_PRODUCTS_DIR; };
		2A5A484B247D11FE002A3544 /* Info.plist */ = {isa = PBXFileReference; lastKnownFileType = text.plist.xml; path = Info.plist; sourceTree = "<group>"; };
		2A5A4859247D3CE9002A3544 /* PerformanceTests.m */ = {isa = PBXFileReference; lastKnownFileType = sourcecode.c.objc; path = PerformanceTests.m; sourceTree = "<group>"; };
		2A5C8D5724670C6E00812DAD /* AllInstancesBeforeTests.swift */ = {isa = PBXFileReference; lastKnownFileType = sourcecode.swift; path = AllInstancesBeforeTests.swift; sourceTree = "<group>"; };
		2A5C8D5924670C9400812DAD /* AllInstancesAfterTests.swift */ = {isa = PBXFileReference; lastKnownFileType = sourcecode.swift; path = AllInstancesAfterTests.swift; sourceTree = "<group>"; };
		2A5C8D5B24670CA500812DAD /* AllInstancesInsteadTests.swift */ = {isa = PBXFileReference; lastKnownFileType = sourcecode.swift; path = AllInstancesInsteadTests.swift; sourceTree = "<group>"; };
		2A5C8D5D24670DC800812DAD /* MemoryTests.swift */ = {isa = PBXFileReference; lastKnownFileType = sourcecode.swift; path = MemoryTests.swift; sourceTree = "<group>"; };
		2A65762E2472BA9A00FE57CE /* TargetObjectExtension.swift */ = {isa = PBXFileReference; lastKnownFileType = sourcecode.swift; path = TargetObjectExtension.swift; sourceTree = "<group>"; };
		2A65FB4A246800F800535203 /* HookInternal.swift */ = {isa = PBXFileReference; lastKnownFileType = sourcecode.swift; path = HookInternal.swift; sourceTree = "<group>"; };
		2A7015102463F57200B81219 /* SHMethodSignatureTests.swift */ = {isa = PBXFileReference; lastKnownFileType = sourcecode.swift; path = SHMethodSignatureTests.swift; sourceTree = "<group>"; };
		2A701512246413CE00B81219 /* Utilities.swift */ = {isa = PBXFileReference; lastKnownFileType = sourcecode.swift; path = Utilities.swift; sourceTree = "<group>"; };
		2A728720246E76F7002D63A1 /* ThreadSafetyTests.swift */ = {isa = PBXFileReference; lastKnownFileType = sourcecode.swift; path = ThreadSafetyTests.swift; sourceTree = "<group>"; };
		2A728727246EC1AB002D63A1 /* SwiftHook.swift */ = {isa = PBXFileReference; lastKnownFileType = sourcecode.swift; path = SwiftHook.swift; sourceTree = "<group>"; };
		2A7F43BE2458359E00A63935 /* HookContext.swift */ = {isa = PBXFileReference; fileEncoding = 4; lastKnownFileType = sourcecode.swift; path = HookContext.swift; sourceTree = "<group>"; };
		2A7F43C4245835D500A63935 /* SwiftHookTests-Bridging-Header.h */ = {isa = PBXFileReference; lastKnownFileType = sourcecode.c.h; path = "SwiftHookTests-Bridging-Header.h"; sourceTree = "<group>"; };
		2A7F43C6245835D600A63935 /* LibffiTests.swift */ = {isa = PBXFileReference; fileEncoding = 4; lastKnownFileType = sourcecode.swift; path = LibffiTests.swift; sourceTree = "<group>"; };
		2A7F43C7245835D600A63935 /* LibffiTestsOC.m */ = {isa = PBXFileReference; fileEncoding = 4; lastKnownFileType = sourcecode.c.objc; path = LibffiTestsOC.m; sourceTree = "<group>"; };
		2A7F43C8245835D600A63935 /* TestObject.swift */ = {isa = PBXFileReference; fileEncoding = 4; lastKnownFileType = sourcecode.swift; path = TestObject.swift; sourceTree = "<group>"; };
		2A8BB5082474458700942DDC /* ParametersCheckingTests.swift */ = {isa = PBXFileReference; lastKnownFileType = sourcecode.swift; path = ParametersCheckingTests.swift; sourceTree = "<group>"; };
		2A8FBD49246ED53300037E7E /* SpecialMethodTests.swift */ = {isa = PBXFileReference; lastKnownFileType = sourcecode.swift; path = SpecialMethodTests.swift; sourceTree = "<group>"; };
		2A8FBD4B246ED5AA00037E7E /* ObjectiveCTestObject.h */ = {isa = PBXFileReference; lastKnownFileType = sourcecode.c.h; path = ObjectiveCTestObject.h; sourceTree = "<group>"; };
		2A8FBD4C246ED5AA00037E7E /* ObjectiveCTestObject.m */ = {isa = PBXFileReference; lastKnownFileType = sourcecode.c.objc; path = ObjectiveCTestObject.m; sourceTree = "<group>"; };
		2A951D40246BF784000DB1E7 /* SingleInstancesBeforeTests.swift */ = {isa = PBXFileReference; lastKnownFileType = sourcecode.swift; path = SingleInstancesBeforeTests.swift; sourceTree = "<group>"; };
		2A951D42246BF796000DB1E7 /* SingleInstancesAfterTests.swift */ = {isa = PBXFileReference; lastKnownFileType = sourcecode.swift; path = SingleInstancesAfterTests.swift; sourceTree = "<group>"; };
		2A951D44246BF7A4000DB1E7 /* SingleInstancesInsteadTests.swift */ = {isa = PBXFileReference; lastKnownFileType = sourcecode.swift; path = SingleInstancesInsteadTests.swift; sourceTree = "<group>"; };
		2A951D5E246C5F63000DB1E7 /* DynamicClass.swift */ = {isa = PBXFileReference; fileEncoding = 4; lastKnownFileType = sourcecode.swift; path = DynamicClass.swift; sourceTree = "<group>"; };
		2A96867A2485FA47004A2DD7 /* FFICIFContext.swift */ = {isa = PBXFileReference; lastKnownFileType = sourcecode.swift; path = FFICIFContext.swift; sourceTree = "<group>"; };
		2A96867C2485FDBE004A2DD7 /* FFIClosureContext.swift */ = {isa = PBXFileReference; lastKnownFileType = sourcecode.swift; path = FFIClosureContext.swift; sourceTree = "<group>"; };
		2A99159B24587BF4007955E7 /* SignatureTests.swift */ = {isa = PBXFileReference; lastKnownFileType = sourcecode.swift; path = SignatureTests.swift; sourceTree = "<group>"; };
		2AA23CB7247E6ED3003776FC /* AspectsSwiftTests.swift */ = {isa = PBXFileReference; lastKnownFileType = sourcecode.swift; path = AspectsSwiftTests.swift; sourceTree = "<group>"; };
		2AB67351245834E30011536D /* SwiftHook.framework */ = {isa = PBXFileReference; explicitFileType = wrapper.framework; includeInIndex = 0; path = SwiftHook.framework; sourceTree = BUILT_PRODUCTS_DIR; };
		2AB67354245834E30011536D /* SwiftHook.h */ = {isa = PBXFileReference; lastKnownFileType = sourcecode.c.h; path = SwiftHook.h; sourceTree = "<group>"; };
		2AB67355245834E30011536D /* Info.plist */ = {isa = PBXFileReference; lastKnownFileType = text.plist.xml; path = Info.plist; sourceTree = "<group>"; };
		2AB6735A245834E30011536D /* SwiftHookTests.xctest */ = {isa = PBXFileReference; explicitFileType = wrapper.cfbundle; includeInIndex = 0; path = SwiftHookTests.xctest; sourceTree = BUILT_PRODUCTS_DIR; };
		2AB6735F245834E30011536D /* SwiftHookTests.swift */ = {isa = PBXFileReference; lastKnownFileType = sourcecode.swift; path = SwiftHookTests.swift; sourceTree = "<group>"; };
		2AB67361245834E30011536D /* Info.plist */ = {isa = PBXFileReference; lastKnownFileType = text.plist.xml; path = Info.plist; sourceTree = "<group>"; };
		2ABBD40A24EA96700094FEE0 /* ParametersCheck.swift */ = {isa = PBXFileReference; lastKnownFileType = sourcecode.swift; path = ParametersCheck.swift; sourceTree = "<group>"; };
		2AC10C7F245872F200ED6815 /* Signature.swift */ = {isa = PBXFileReference; lastKnownFileType = sourcecode.swift; path = Signature.swift; sourceTree = "<group>"; };
		2AD183C924650AE500B8EC51 /* SHObjectiveCUtilities.h */ = {isa = PBXFileReference; lastKnownFileType = sourcecode.c.h; path = SHObjectiveCUtilities.h; sourceTree = "<group>"; };
		2AD183CA24650AE500B8EC51 /* SHObjectiveCUtilities.m */ = {isa = PBXFileReference; lastKnownFileType = sourcecode.c.objc; path = SHObjectiveCUtilities.m; sourceTree = "<group>"; };
		2AEE4F142476CB2E00F822D9 /* CompatibilityTests.swift */ = {isa = PBXFileReference; lastKnownFileType = sourcecode.swift; path = CompatibilityTests.swift; sourceTree = "<group>"; };
		2AFCFC0424F7D7E400F31C39 /* OrderTests.swift */ = {isa = PBXFileReference; lastKnownFileType = sourcecode.swift; path = OrderTests.swift; sourceTree = "<group>"; };
		3DB31730A08C58A7462F1907 /* Pods_abstract_SwiftHook_SwiftHook.framework */ = {isa = PBXFileReference; explicitFileType = wrapper.framework; includeInIndex = 0; path = Pods_abstract_SwiftHook_SwiftHook.framework; sourceTree = BUILT_PRODUCTS_DIR; };
		42BDED007564588C455336A9 /* Pods-abstract-SwiftHook-SwiftHookTests.debug.xcconfig */ = {isa = PBXFileReference; includeInIndex = 1; lastKnownFileType = text.xcconfig; name = "Pods-abstract-SwiftHook-SwiftHookTests.debug.xcconfig"; path = "Target Support Files/Pods-abstract-SwiftHook-SwiftHookTests/Pods-abstract-SwiftHook-SwiftHookTests.debug.xcconfig"; sourceTree = "<group>"; };
		4AC0B2BBF96712AAD1850CE7 /* Pods-AspectsTests.release.xcconfig */ = {isa = PBXFileReference; includeInIndex = 1; lastKnownFileType = text.xcconfig; name = "Pods-AspectsTests.release.xcconfig"; path = "Target Support Files/Pods-AspectsTests/Pods-AspectsTests.release.xcconfig"; sourceTree = "<group>"; };
		56A4774BBF986065FB393974 /* Pods-abstract-SwiftHook-SwiftHook.release.xcconfig */ = {isa = PBXFileReference; includeInIndex = 1; lastKnownFileType = text.xcconfig; name = "Pods-abstract-SwiftHook-SwiftHook.release.xcconfig"; path = "Target Support Files/Pods-abstract-SwiftHook-SwiftHook/Pods-abstract-SwiftHook-SwiftHook.release.xcconfig"; sourceTree = "<group>"; };
		5C0F5BF625B03FF900AEB73C /* KVOWrapperTests.swift */ = {isa = PBXFileReference; lastKnownFileType = sourcecode.swift; path = KVOWrapperTests.swift; sourceTree = "<group>"; };
		5C178C5225DFC9C6001E4151 /* PerformanceTests-Bridging-Header.h */ = {isa = PBXFileReference; lastKnownFileType = sourcecode.c.h; path = "PerformanceTests-Bridging-Header.h"; sourceTree = "<group>"; };
		5C178C5325DFC9C7001E4151 /* Empty.swift */ = {isa = PBXFileReference; lastKnownFileType = sourcecode.swift; path = Empty.swift; sourceTree = "<group>"; };
		5C19C75B25C5643300C12968 /* ParametersCheckingOCTests.m */ = {isa = PBXFileReference; lastKnownFileType = sourcecode.c.objc; path = ParametersCheckingOCTests.m; sourceTree = "<group>"; };
		5C1C560B25B1966D00452D25 /* KVOWrapperOCTests.m */ = {isa = PBXFileReference; lastKnownFileType = sourcecode.c.objc; path = KVOWrapperOCTests.m; sourceTree = "<group>"; };
		5C4AB44B25BED9E5005BEC0C /* NSKVONotifying_MyClass.h */ = {isa = PBXFileReference; lastKnownFileType = sourcecode.c.h; path = NSKVONotifying_MyClass.h; sourceTree = "<group>"; };
		5C4AB44C25BED9E5005BEC0C /* NSKVONotifying_MyClass.m */ = {isa = PBXFileReference; lastKnownFileType = sourcecode.c.objc; path = NSKVONotifying_MyClass.m; sourceTree = "<group>"; };
		5CB66E0225BFB4C200086205 /* SwiftHook_MyClass.h */ = {isa = PBXFileReference; lastKnownFileType = sourcecode.c.h; path = SwiftHook_MyClass.h; sourceTree = "<group>"; };
		5CB66E0325BFB4C200086205 /* SwiftHook_MyClass.m */ = {isa = PBXFileReference; lastKnownFileType = sourcecode.c.objc; path = SwiftHook_MyClass.m; sourceTree = "<group>"; };
		5CB7A7F425BAC82C002E85BC /* SpecialClassTests.m */ = {isa = PBXFileReference; lastKnownFileType = sourcecode.c.objc; path = SpecialClassTests.m; sourceTree = "<group>"; };
		5CBCCE1C25985EBF0016EA11 /* KVOWrapper.swift */ = {isa = PBXFileReference; lastKnownFileType = sourcecode.swift; path = KVOWrapper.swift; sourceTree = "<group>"; };
		7DF1E0C29467EB34BE523DCD /* Pods_abstract_SwiftHook_abstract_Tests_PerformanceTests.framework */ = {isa = PBXFileReference; explicitFileType = wrapper.framework; includeInIndex = 0; path = Pods_abstract_SwiftHook_abstract_Tests_PerformanceTests.framework; sourceTree = BUILT_PRODUCTS_DIR; };
		88C8289860529051CF5421EE /* Pods-abstract-SwiftHook-abstract-Tests-SwiftHookTests.release.xcconfig */ = {isa = PBXFileReference; includeInIndex = 1; lastKnownFileType = text.xcconfig; name = "Pods-abstract-SwiftHook-abstract-Tests-SwiftHookTests.release.xcconfig"; path = "Target Support Files/Pods-abstract-SwiftHook-abstract-Tests-SwiftHookTests/Pods-abstract-SwiftHook-abstract-Tests-SwiftHookTests.release.xcconfig"; sourceTree = "<group>"; };
		9F5BDFB4D8F29B447F9C8114 /* Pods-abstract-SwiftHook-abstract-Tests-SwiftHookTests.debug.xcconfig */ = {isa = PBXFileReference; includeInIndex = 1; lastKnownFileType = text.xcconfig; name = "Pods-abstract-SwiftHook-abstract-Tests-SwiftHookTests.debug.xcconfig"; path = "Target Support Files/Pods-abstract-SwiftHook-abstract-Tests-SwiftHookTests/Pods-abstract-SwiftHook-abstract-Tests-SwiftHookTests.debug.xcconfig"; sourceTree = "<group>"; };
		BAD7DBE2536D5303CFF8B866 /* Pods-abstract-SwiftHook-abstract-Tests-PerformanceTests.release.xcconfig */ = {isa = PBXFileReference; includeInIndex = 1; lastKnownFileType = text.xcconfig; name = "Pods-abstract-SwiftHook-abstract-Tests-PerformanceTests.release.xcconfig"; path = "Target Support Files/Pods-abstract-SwiftHook-abstract-Tests-PerformanceTests/Pods-abstract-SwiftHook-abstract-Tests-PerformanceTests.release.xcconfig"; sourceTree = "<group>"; };
		C2329BB3948E080990AE138F /* Pods_AspectsTests.framework */ = {isa = PBXFileReference; explicitFileType = wrapper.framework; includeInIndex = 0; path = Pods_AspectsTests.framework; sourceTree = BUILT_PRODUCTS_DIR; };
		D4EDF113598DFE359EA93505 /* Pods-abstract-SwiftHook-SwiftHook.debug.xcconfig */ = {isa = PBXFileReference; includeInIndex = 1; lastKnownFileType = text.xcconfig; name = "Pods-abstract-SwiftHook-SwiftHook.debug.xcconfig"; path = "Target Support Files/Pods-abstract-SwiftHook-SwiftHook/Pods-abstract-SwiftHook-SwiftHook.debug.xcconfig"; sourceTree = "<group>"; };
		EC69A695C0EF37D5B0F9D3A5 /* Pods-abstract-SwiftHook-SwiftHookTests.release.xcconfig */ = {isa = PBXFileReference; includeInIndex = 1; lastKnownFileType = text.xcconfig; name = "Pods-abstract-SwiftHook-SwiftHookTests.release.xcconfig"; path = "Target Support Files/Pods-abstract-SwiftHook-SwiftHookTests/Pods-abstract-SwiftHook-SwiftHookTests.release.xcconfig"; sourceTree = "<group>"; };
		F12DE955891101E38E3AD0CD /* Pods-abstract-SwiftHook-abstract-Tests-PerformanceTests.debug.xcconfig */ = {isa = PBXFileReference; includeInIndex = 1; lastKnownFileType = text.xcconfig; name = "Pods-abstract-SwiftHook-abstract-Tests-PerformanceTests.debug.xcconfig"; path = "Target Support Files/Pods-abstract-SwiftHook-abstract-Tests-PerformanceTests/Pods-abstract-SwiftHook-abstract-Tests-PerformanceTests.debug.xcconfig"; sourceTree = "<group>"; };
		F2BD6E0263F577B92B703B27 /* Pods-AspectsTests.debug.xcconfig */ = {isa = PBXFileReference; includeInIndex = 1; lastKnownFileType = text.xcconfig; name = "Pods-AspectsTests.debug.xcconfig"; path = "Target Support Files/Pods-AspectsTests/Pods-AspectsTests.debug.xcconfig"; sourceTree = "<group>"; };
		FEAD8798D180A50367B01ECD /* Pods_abstract_SwiftHook_abstract_Tests_SwiftHookTests.framework */ = {isa = PBXFileReference; explicitFileType = wrapper.framework; includeInIndex = 0; path = Pods_abstract_SwiftHook_abstract_Tests_SwiftHookTests.framework; sourceTree = BUILT_PRODUCTS_DIR; };
/* End PBXFileReference section */

/* Begin PBXFrameworksBuildPhase section */
		2A5A4844247D11FE002A3544 /* Frameworks */ = {
			isa = PBXFrameworksBuildPhase;
			buildActionMask = 2147483647;
			files = (
				2A5A484C247D11FE002A3544 /* SwiftHook.framework in Frameworks */,
				9D9BA436787C8D1A1DD0FC11 /* Pods_abstract_SwiftHook_abstract_Tests_PerformanceTests.framework in Frameworks */,
			);
			runOnlyForDeploymentPostprocessing = 0;
		};
		2AB6734E245834E30011536D /* Frameworks */ = {
			isa = PBXFrameworksBuildPhase;
			buildActionMask = 2147483647;
			files = (
				B3308AE5EE0DFBB46D3B36E1 /* Pods_abstract_SwiftHook_SwiftHook.framework in Frameworks */,
			);
			runOnlyForDeploymentPostprocessing = 0;
		};
		2AB67357245834E30011536D /* Frameworks */ = {
			isa = PBXFrameworksBuildPhase;
			buildActionMask = 2147483647;
			files = (
				2AB6735B245834E30011536D /* SwiftHook.framework in Frameworks */,
				7AD8C40F3055E327661F4899 /* Pods_abstract_SwiftHook_abstract_Tests_SwiftHookTests.framework in Frameworks */,
			);
			runOnlyForDeploymentPostprocessing = 0;
		};
/* End PBXFrameworksBuildPhase section */

/* Begin PBXGroup section */
		195E3D73757D4A2E41A6DD63 /* Frameworks */ = {
			isa = PBXGroup;
			children = (
				C2329BB3948E080990AE138F /* Pods_AspectsTests.framework */,
				3DB31730A08C58A7462F1907 /* Pods_abstract_SwiftHook_SwiftHook.framework */,
				7DF1E0C29467EB34BE523DCD /* Pods_abstract_SwiftHook_abstract_Tests_PerformanceTests.framework */,
				FEAD8798D180A50367B01ECD /* Pods_abstract_SwiftHook_abstract_Tests_SwiftHookTests.framework */,
			);
			name = Frameworks;
			sourceTree = "<group>";
		};
		1EE89A4904AD27FB0A55915F /* Pods */ = {
			isa = PBXGroup;
			children = (
				D4EDF113598DFE359EA93505 /* Pods-abstract-SwiftHook-SwiftHook.debug.xcconfig */,
				56A4774BBF986065FB393974 /* Pods-abstract-SwiftHook-SwiftHook.release.xcconfig */,
				42BDED007564588C455336A9 /* Pods-abstract-SwiftHook-SwiftHookTests.debug.xcconfig */,
				EC69A695C0EF37D5B0F9D3A5 /* Pods-abstract-SwiftHook-SwiftHookTests.release.xcconfig */,
				F2BD6E0263F577B92B703B27 /* Pods-AspectsTests.debug.xcconfig */,
				4AC0B2BBF96712AAD1850CE7 /* Pods-AspectsTests.release.xcconfig */,
				F12DE955891101E38E3AD0CD /* Pods-abstract-SwiftHook-abstract-Tests-PerformanceTests.debug.xcconfig */,
				BAD7DBE2536D5303CFF8B866 /* Pods-abstract-SwiftHook-abstract-Tests-PerformanceTests.release.xcconfig */,
				9F5BDFB4D8F29B447F9C8114 /* Pods-abstract-SwiftHook-abstract-Tests-SwiftHookTests.debug.xcconfig */,
				88C8289860529051CF5421EE /* Pods-abstract-SwiftHook-abstract-Tests-SwiftHookTests.release.xcconfig */,
			);
			path = Pods;
			sourceTree = "<group>";
		};
		2A0C85DA2476B5A9003AA9D9 /* Components */ = {
			isa = PBXGroup;
			children = (
				2A172A5324756B18001FD825 /* HookInternalTests.swift */,
				2A2F212324758C7D0032A64D /* HookContextTests.swift */,
				2A2744A3246DA37F00AE6A9A /* DynamicClassTests.swift */,
				5C0F5BF625B03FF900AEB73C /* KVOWrapperTests.swift */,
				5C1C560B25B1966D00452D25 /* KVOWrapperOCTests.m */,
				2A1811CB2461A23000B5F18F /* OverrideSuperMethodTests.swift */,
				2A1134ED2471450E008555F9 /* HookDeallocAfterDelegateTests.swift */,
				2A99159B24587BF4007955E7 /* SignatureTests.swift */,
				2A7015102463F57200B81219 /* SHMethodSignatureTests.swift */,
				2A3A4A70245C303C00FE1EFC /* FFITypeContextTests.swift */,
				2A7F43C6245835D600A63935 /* LibffiTests.swift */,
				2A7F43C7245835D600A63935 /* LibffiTestsOC.m */,
			);
			path = Components;
			sourceTree = "<group>";
		};
		2A3B8C0C24742362007E6D65 /* Main */ = {
			isa = PBXGroup;
			children = (
				2A5C8D5224670B1D00812DAD /* Basic */,
				2A22A75924E4E7E0008B81E5 /* MethodObjectAndSelectorTest.swift */,
				2A8BB5082474458700942DDC /* ParametersCheckingTests.swift */,
				5C19C75B25C5643300C12968 /* ParametersCheckingOCTests.m */,
				2A5C8D5D24670DC800812DAD /* MemoryTests.swift */,
				2A728720246E76F7002D63A1 /* ThreadSafetyTests.swift */,
				2A8FBD49246ED53300037E7E /* SpecialMethodTests.swift */,
				2AEE4F142476CB2E00F822D9 /* CompatibilityTests.swift */,
				2AFCFC0424F7D7E400F31C39 /* OrderTests.swift */,
				2A562935250A8A1D00426C2F /* StructTests.swift */,
				2A28021A2522DC02004F3291 /* VariableCaptureTests.swift */,
				5CB7A7F425BAC82C002E85BC /* SpecialClassTests.m */,
			);
			path = Main;
			sourceTree = "<group>";
		};
		2A49D847247D0D3800E61036 /* AspectsTests */ = {
			isa = PBXGroup;
			children = (
				2A49D849247D0DDB00E61036 /* AspectsTests.m */,
				2A49D84C247D0F7A00E61036 /* AspectsErrorTests.m */,
				2AA23CB7247E6ED3003776FC /* AspectsSwiftTests.swift */,
			);
			path = AspectsTests;
			sourceTree = "<group>";
		};
		2A58BF9A245C94FE005227F5 /* Others */ = {
			isa = PBXGroup;
			children = (
				2A7F43C8245835D600A63935 /* TestObject.swift */,
				2A8FBD4B246ED5AA00037E7E /* ObjectiveCTestObject.h */,
				2A8FBD4C246ED5AA00037E7E /* ObjectiveCTestObject.m */,
				2A58BF99245C94F2005227F5 /* ComplexityStruct.h */,
				2A27449E246D8B7E00AE6A9A /* ObjectiveCUtilities.h */,
				2A27449F246D8B7E00AE6A9A /* ObjectiveCUtilities.m */,
				2A2744A1246D8C5F00AE6A9A /* SwiftUtilities.swift */,
				5C4AB44B25BED9E5005BEC0C /* NSKVONotifying_MyClass.h */,
				5C4AB44C25BED9E5005BEC0C /* NSKVONotifying_MyClass.m */,
				5CB66E0225BFB4C200086205 /* SwiftHook_MyClass.h */,
				5CB66E0325BFB4C200086205 /* SwiftHook_MyClass.m */,
			);
			path = Others;
			sourceTree = "<group>";
		};
		2A5A4848247D11FE002A3544 /* PerformanceTests */ = {
			isa = PBXGroup;
			children = (
				2A5A4859247D3CE9002A3544 /* PerformanceTests.m */,
				5C178C5325DFC9C7001E4151 /* Empty.swift */,
				5C178C5225DFC9C6001E4151 /* PerformanceTests-Bridging-Header.h */,
				2A5A484B247D11FE002A3544 /* Info.plist */,
			);
			path = PerformanceTests;
			sourceTree = "<group>";
		};
		2A5C8D5224670B1D00812DAD /* Basic */ = {
			isa = PBXGroup;
			children = (
				2A5C8D5724670C6E00812DAD /* AllInstancesBeforeTests.swift */,
				2A5C8D5924670C9400812DAD /* AllInstancesAfterTests.swift */,
				2A5C8D5B24670CA500812DAD /* AllInstancesInsteadTests.swift */,
				2A0BE1AE2468210800B30BE3 /* ClassMethodBeforeTests.swift */,
				2A0BE1B02468241C00B30BE3 /* ClassMethodAfterTests.swift */,
				2A0BE1B2246824B800B30BE3 /* ClassMethodInsteadTests.swift */,
				2A951D40246BF784000DB1E7 /* SingleInstancesBeforeTests.swift */,
				2A951D42246BF796000DB1E7 /* SingleInstancesAfterTests.swift */,
				2A951D44246BF7A4000DB1E7 /* SingleInstancesInsteadTests.swift */,
			);
			path = Basic;
			sourceTree = "<group>";
		};
		2A7F43BD2458359E00A63935 /* Classes */ = {
			isa = PBXGroup;
			children = (
				2ACB400824EAA76B0098B59D /* Public */,
				2ACB400B24EAA8AF0098B59D /* Pamameter */,
				2ACB400D24EAA9170098B59D /* Hook */,
				2ACB400C24EAA90A0098B59D /* Signature */,
				2ACB400924EAA7840098B59D /* FFI */,
				2ACB400E24EAA9330098B59D /* Utilities */,
			);
			path = Classes;
			sourceTree = "<group>";
		};
		2AB67347245834E30011536D = {
			isa = PBXGroup;
			children = (
				2AB67353245834E30011536D /* SwiftHook */,
				2AB6735E245834E30011536D /* SwiftHookTests */,
				2A5A4848247D11FE002A3544 /* PerformanceTests */,
				2AB67352245834E30011536D /* Products */,
				1EE89A4904AD27FB0A55915F /* Pods */,
				195E3D73757D4A2E41A6DD63 /* Frameworks */,
			);
			sourceTree = "<group>";
		};
		2AB67352245834E30011536D /* Products */ = {
			isa = PBXGroup;
			children = (
				2AB67351245834E30011536D /* SwiftHook.framework */,
				2AB6735A245834E30011536D /* SwiftHookTests.xctest */,
				2A5A4847247D11FE002A3544 /* PerformanceTests.xctest */,
			);
			name = Products;
			sourceTree = "<group>";
		};
		2AB67353245834E30011536D /* SwiftHook */ = {
			isa = PBXGroup;
			children = (
				2A7F43BD2458359E00A63935 /* Classes */,
				2AB67354245834E30011536D /* SwiftHook.h */,
				2AB67355245834E30011536D /* Info.plist */,
			);
			path = SwiftHook;
			sourceTree = "<group>";
		};
		2AB6735E245834E30011536D /* SwiftHookTests */ = {
			isa = PBXGroup;
			children = (
				2AB6735F245834E30011536D /* SwiftHookTests.swift */,
				2A0306032477BC4700DF86C6 /* SwiftHookOCTests.m */,
				2A3B8C0C24742362007E6D65 /* Main */,
				2A0C85DA2476B5A9003AA9D9 /* Components */,
				2A58BF9A245C94FE005227F5 /* Others */,
				2A49D847247D0D3800E61036 /* AspectsTests */,
				2AB67361245834E30011536D /* Info.plist */,
				2A7F43C4245835D500A63935 /* SwiftHookTests-Bridging-Header.h */,
			);
			path = SwiftHookTests;
			sourceTree = "<group>";
		};
		2ACB400824EAA76B0098B59D /* Public */ = {
			isa = PBXGroup;
			children = (
				2A728727246EC1AB002D63A1 /* SwiftHook.swift */,
				2A0306012477BC3500DF86C6 /* NSObjectExtension.swift */,
			);
			path = Public;
			sourceTree = "<group>";
		};
		2ACB400924EAA7840098B59D /* FFI */ = {
			isa = PBXGroup;
			children = (
				2A96867C2485FDBE004A2DD7 /* FFIClosureContext.swift */,
				2A96867A2485FA47004A2DD7 /* FFICIFContext.swift */,
				2A3A4A6C245C090100FE1EFC /* SHFFITypeContext.h */,
				2A3A4A6D245C090100FE1EFC /* SHFFITypeContext.m */,
			);
			path = FFI;
			sourceTree = "<group>";
		};
		2ACB400B24EAA8AF0098B59D /* Pamameter */ = {
			isa = PBXGroup;
			children = (
				2ABBD40A24EA96700094FEE0 /* ParametersCheck.swift */,
			);
			path = Pamameter;
			sourceTree = "<group>";
		};
		2ACB400C24EAA90A0098B59D /* Signature */ = {
			isa = PBXGroup;
			children = (
				2AC10C7F245872F200ED6815 /* Signature.swift */,
				2A348FC42459C1A500DD6ED7 /* SHMethodSignature.h */,
				2A348FC52459C1A500DD6ED7 /* SHMethodSignature.m */,
			);
			path = Signature;
			sourceTree = "<group>";
		};
		2ACB400D24EAA9170098B59D /* Hook */ = {
			isa = PBXGroup;
			children = (
				2A65FB4A246800F800535203 /* HookInternal.swift */,
				2A7F43BE2458359E00A63935 /* HookContext.swift */,
				2A951D5E246C5F63000DB1E7 /* DynamicClass.swift */,
				5CBCCE1C25985EBF0016EA11 /* KVOWrapper.swift */,
				2A5363932460762F008B8A94 /* OverrideSuperMethod.swift */,
				2A1134EB24713D30008555F9 /* HookDeallocAfterDelegate.swift */,
				2A65762E2472BA9A00FE57CE /* TargetObjectExtension.swift */,
				2A4559AB24F570D8003817C1 /* InsteadHookClosureExtension.swift */,
			);
			path = Hook;
			sourceTree = "<group>";
		};
		2ACB400E24EAA9330098B59D /* Utilities */ = {
			isa = PBXGroup;
			children = (
				2A701512246413CE00B81219 /* Utilities.swift */,
				2AD183C924650AE500B8EC51 /* SHObjectiveCUtilities.h */,
				2AD183CA24650AE500B8EC51 /* SHObjectiveCUtilities.m */,
			);
			path = Utilities;
			sourceTree = "<group>";
		};
/* End PBXGroup section */

/* Begin PBXHeadersBuildPhase section */
		2AB6734C245834E30011536D /* Headers */ = {
			isa = PBXHeadersBuildPhase;
			buildActionMask = 2147483647;
			files = (
				2AB67362245834E30011536D /* SwiftHook.h in Headers */,
				2AD183CB24650AE500B8EC51 /* SHObjectiveCUtilities.h in Headers */,
				2A348FC62459C1A500DD6ED7 /* SHMethodSignature.h in Headers */,
				2A3A4A6E245C090100FE1EFC /* SHFFITypeContext.h in Headers */,
			);
			runOnlyForDeploymentPostprocessing = 0;
		};
/* End PBXHeadersBuildPhase section */

/* Begin PBXNativeTarget section */
		2A5A4846247D11FE002A3544 /* PerformanceTests */ = {
			isa = PBXNativeTarget;
			buildConfigurationList = 2A5A484F247D11FE002A3544 /* Build configuration list for PBXNativeTarget "PerformanceTests" */;
			buildPhases = (
				6B90FFE54754CD75A5810F56 /* [CP] Check Pods Manifest.lock */,
				2A5A4843247D11FE002A3544 /* Sources */,
				2A5A4844247D11FE002A3544 /* Frameworks */,
				2A5A4845247D11FE002A3544 /* Resources */,
				B5AD613EAA4A4287D505A138 /* [CP] Embed Pods Frameworks */,
			);
			buildRules = (
			);
			dependencies = (
				2A5A484E247D11FE002A3544 /* PBXTargetDependency */,
			);
			name = PerformanceTests;
			productName = PerformanceTests;
			productReference = 2A5A4847247D11FE002A3544 /* PerformanceTests.xctest */;
			productType = "com.apple.product-type.bundle.unit-test";
		};
		2AB67350245834E30011536D /* SwiftHook */ = {
			isa = PBXNativeTarget;
			buildConfigurationList = 2AB67365245834E30011536D /* Build configuration list for PBXNativeTarget "SwiftHook" */;
			buildPhases = (
				F6D72BC3E7EBBF103861DE0D /* [CP] Check Pods Manifest.lock */,
				2AB6734C245834E30011536D /* Headers */,
				2AB6734D245834E30011536D /* Sources */,
				2AB6734E245834E30011536D /* Frameworks */,
				2AB6734F245834E30011536D /* Resources */,
				2A97EDE72459E7A100206397 /* Run Script for Swiftlint */,
			);
			buildRules = (
			);
			dependencies = (
			);
			name = SwiftHook;
			productName = SwiftHook;
			productReference = 2AB67351245834E30011536D /* SwiftHook.framework */;
			productType = "com.apple.product-type.framework";
		};
		2AB67359245834E30011536D /* SwiftHookTests */ = {
			isa = PBXNativeTarget;
			buildConfigurationList = 2AB67368245834E30011536D /* Build configuration list for PBXNativeTarget "SwiftHookTests" */;
			buildPhases = (
				AEC9B9FF387CCF453FC8A3C0 /* [CP] Check Pods Manifest.lock */,
				2AB67356245834E30011536D /* Sources */,
				2AB67357245834E30011536D /* Frameworks */,
				2AB67358245834E30011536D /* Resources */,
				9A8DD3A798F20992E89BBA81 /* [CP] Embed Pods Frameworks */,
			);
			buildRules = (
			);
			dependencies = (
				2AB6735D245834E30011536D /* PBXTargetDependency */,
			);
			name = SwiftHookTests;
			productName = SwiftHookTests;
			productReference = 2AB6735A245834E30011536D /* SwiftHookTests.xctest */;
			productType = "com.apple.product-type.bundle.unit-test";
		};
/* End PBXNativeTarget section */

/* Begin PBXProject section */
		2AB67348245834E30011536D /* Project object */ = {
			isa = PBXProject;
			attributes = {
				LastSwiftUpdateCheck = 1130;
				LastUpgradeCheck = 1220;
				ORGANIZATIONNAME = Yanni;
				TargetAttributes = {
					2A5A4846247D11FE002A3544 = {
						CreatedOnToolsVersion = 11.3.1;
						LastSwiftMigration = 1220;
					};
					2AB67350245834E30011536D = {
						CreatedOnToolsVersion = 11.3.1;
						LastSwiftMigration = 1130;
					};
					2AB67359245834E30011536D = {
						CreatedOnToolsVersion = 11.3.1;
						LastSwiftMigration = 1130;
					};
				};
			};
			buildConfigurationList = 2AB6734B245834E30011536D /* Build configuration list for PBXProject "SwiftHook" */;
			compatibilityVersion = "Xcode 9.3";
			developmentRegion = en;
			hasScannedForEncodings = 0;
			knownRegions = (
				en,
				Base,
			);
			mainGroup = 2AB67347245834E30011536D;
			productRefGroup = 2AB67352245834E30011536D /* Products */;
			projectDirPath = "";
			projectRoot = "";
			targets = (
				2AB67350245834E30011536D /* SwiftHook */,
				2AB67359245834E30011536D /* SwiftHookTests */,
				2A5A4846247D11FE002A3544 /* PerformanceTests */,
			);
		};
/* End PBXProject section */

/* Begin PBXResourcesBuildPhase section */
		2A5A4845247D11FE002A3544 /* Resources */ = {
			isa = PBXResourcesBuildPhase;
			buildActionMask = 2147483647;
			files = (
			);
			runOnlyForDeploymentPostprocessing = 0;
		};
		2AB6734F245834E30011536D /* Resources */ = {
			isa = PBXResourcesBuildPhase;
			buildActionMask = 2147483647;
			files = (
			);
			runOnlyForDeploymentPostprocessing = 0;
		};
		2AB67358245834E30011536D /* Resources */ = {
			isa = PBXResourcesBuildPhase;
			buildActionMask = 2147483647;
			files = (
			);
			runOnlyForDeploymentPostprocessing = 0;
		};
/* End PBXResourcesBuildPhase section */

/* Begin PBXShellScriptBuildPhase section */
		2A97EDE72459E7A100206397 /* Run Script for Swiftlint */ = {
			isa = PBXShellScriptBuildPhase;
			buildActionMask = 2147483647;
			files = (
			);
			inputFileListPaths = (
			);
			inputPaths = (
			);
			name = "Run Script for Swiftlint";
			outputFileListPaths = (
			);
			outputPaths = (
			);
			runOnlyForDeploymentPostprocessing = 0;
			shellPath = /bin/sh;
			shellScript = "\"${PODS_ROOT}/SwiftLint/swiftlint\"\n";
		};
		6B90FFE54754CD75A5810F56 /* [CP] Check Pods Manifest.lock */ = {
			isa = PBXShellScriptBuildPhase;
			buildActionMask = 2147483647;
			files = (
			);
			inputFileListPaths = (
			);
			inputPaths = (
				"${PODS_PODFILE_DIR_PATH}/Podfile.lock",
				"${PODS_ROOT}/Manifest.lock",
			);
			name = "[CP] Check Pods Manifest.lock";
			outputFileListPaths = (
			);
			outputPaths = (
				"$(DERIVED_FILE_DIR)/Pods-abstract-SwiftHook-abstract-Tests-PerformanceTests-checkManifestLockResult.txt",
			);
			runOnlyForDeploymentPostprocessing = 0;
			shellPath = /bin/sh;
			shellScript = "diff \"${PODS_PODFILE_DIR_PATH}/Podfile.lock\" \"${PODS_ROOT}/Manifest.lock\" > /dev/null\nif [ $? != 0 ] ; then\n    # print error to STDERR\n    echo \"error: The sandbox is not in sync with the Podfile.lock. Run 'pod install' or update your CocoaPods installation.\" >&2\n    exit 1\nfi\n# This output is used by Xcode 'outputs' to avoid re-running this script phase.\necho \"SUCCESS\" > \"${SCRIPT_OUTPUT_FILE_0}\"\n";
			showEnvVarsInLog = 0;
		};
		9A8DD3A798F20992E89BBA81 /* [CP] Embed Pods Frameworks */ = {
			isa = PBXShellScriptBuildPhase;
			buildActionMask = 2147483647;
			files = (
			);
			inputFileListPaths = (
				"${PODS_ROOT}/Target Support Files/Pods-abstract-SwiftHook-abstract-Tests-SwiftHookTests/Pods-abstract-SwiftHook-abstract-Tests-SwiftHookTests-frameworks-${CONFIGURATION}-input-files.xcfilelist",
			);
			name = "[CP] Embed Pods Frameworks";
			outputFileListPaths = (
				"${PODS_ROOT}/Target Support Files/Pods-abstract-SwiftHook-abstract-Tests-SwiftHookTests/Pods-abstract-SwiftHook-abstract-Tests-SwiftHookTests-frameworks-${CONFIGURATION}-output-files.xcfilelist",
			);
			runOnlyForDeploymentPostprocessing = 0;
			shellPath = /bin/sh;
			shellScript = "\"${PODS_ROOT}/Target Support Files/Pods-abstract-SwiftHook-abstract-Tests-SwiftHookTests/Pods-abstract-SwiftHook-abstract-Tests-SwiftHookTests-frameworks.sh\"\n";
			showEnvVarsInLog = 0;
		};
		AEC9B9FF387CCF453FC8A3C0 /* [CP] Check Pods Manifest.lock */ = {
			isa = PBXShellScriptBuildPhase;
			buildActionMask = 2147483647;
			files = (
			);
			inputFileListPaths = (
			);
			inputPaths = (
				"${PODS_PODFILE_DIR_PATH}/Podfile.lock",
				"${PODS_ROOT}/Manifest.lock",
			);
			name = "[CP] Check Pods Manifest.lock";
			outputFileListPaths = (
			);
			outputPaths = (
				"$(DERIVED_FILE_DIR)/Pods-abstract-SwiftHook-abstract-Tests-SwiftHookTests-checkManifestLockResult.txt",
			);
			runOnlyForDeploymentPostprocessing = 0;
			shellPath = /bin/sh;
			shellScript = "diff \"${PODS_PODFILE_DIR_PATH}/Podfile.lock\" \"${PODS_ROOT}/Manifest.lock\" > /dev/null\nif [ $? != 0 ] ; then\n    # print error to STDERR\n    echo \"error: The sandbox is not in sync with the Podfile.lock. Run 'pod install' or update your CocoaPods installation.\" >&2\n    exit 1\nfi\n# This output is used by Xcode 'outputs' to avoid re-running this script phase.\necho \"SUCCESS\" > \"${SCRIPT_OUTPUT_FILE_0}\"\n";
			showEnvVarsInLog = 0;
		};
		B5AD613EAA4A4287D505A138 /* [CP] Embed Pods Frameworks */ = {
			isa = PBXShellScriptBuildPhase;
			buildActionMask = 2147483647;
			files = (
			);
			inputFileListPaths = (
				"${PODS_ROOT}/Target Support Files/Pods-abstract-SwiftHook-abstract-Tests-PerformanceTests/Pods-abstract-SwiftHook-abstract-Tests-PerformanceTests-frameworks-${CONFIGURATION}-input-files.xcfilelist",
			);
			name = "[CP] Embed Pods Frameworks";
			outputFileListPaths = (
				"${PODS_ROOT}/Target Support Files/Pods-abstract-SwiftHook-abstract-Tests-PerformanceTests/Pods-abstract-SwiftHook-abstract-Tests-PerformanceTests-frameworks-${CONFIGURATION}-output-files.xcfilelist",
			);
			runOnlyForDeploymentPostprocessing = 0;
			shellPath = /bin/sh;
			shellScript = "\"${PODS_ROOT}/Target Support Files/Pods-abstract-SwiftHook-abstract-Tests-PerformanceTests/Pods-abstract-SwiftHook-abstract-Tests-PerformanceTests-frameworks.sh\"\n";
			showEnvVarsInLog = 0;
		};
		F6D72BC3E7EBBF103861DE0D /* [CP] Check Pods Manifest.lock */ = {
			isa = PBXShellScriptBuildPhase;
			buildActionMask = 2147483647;
			files = (
			);
			inputFileListPaths = (
			);
			inputPaths = (
				"${PODS_PODFILE_DIR_PATH}/Podfile.lock",
				"${PODS_ROOT}/Manifest.lock",
			);
			name = "[CP] Check Pods Manifest.lock";
			outputFileListPaths = (
			);
			outputPaths = (
				"$(DERIVED_FILE_DIR)/Pods-abstract-SwiftHook-SwiftHook-checkManifestLockResult.txt",
			);
			runOnlyForDeploymentPostprocessing = 0;
			shellPath = /bin/sh;
			shellScript = "diff \"${PODS_PODFILE_DIR_PATH}/Podfile.lock\" \"${PODS_ROOT}/Manifest.lock\" > /dev/null\nif [ $? != 0 ] ; then\n    # print error to STDERR\n    echo \"error: The sandbox is not in sync with the Podfile.lock. Run 'pod install' or update your CocoaPods installation.\" >&2\n    exit 1\nfi\n# This output is used by Xcode 'outputs' to avoid re-running this script phase.\necho \"SUCCESS\" > \"${SCRIPT_OUTPUT_FILE_0}\"\n";
			showEnvVarsInLog = 0;
		};
/* End PBXShellScriptBuildPhase section */

/* Begin PBXSourcesBuildPhase section */
		2A5A4843247D11FE002A3544 /* Sources */ = {
			isa = PBXSourcesBuildPhase;
			buildActionMask = 2147483647;
			files = (
				2A5A485A247D3CE9002A3544 /* PerformanceTests.m in Sources */,
				5C178C5425DFC9C7001E4151 /* Empty.swift in Sources */,
			);
			runOnlyForDeploymentPostprocessing = 0;
		};
		2AB6734D245834E30011536D /* Sources */ = {
			isa = PBXSourcesBuildPhase;
			buildActionMask = 2147483647;
			files = (
				2A348FC72459C1A500DD6ED7 /* SHMethodSignature.m in Sources */,
				5CBCCE1D25985EBF0016EA11 /* KVOWrapper.swift in Sources */,
				2A96867D2485FDBE004A2DD7 /* FFIClosureContext.swift in Sources */,
				2A3A4A6F245C090100FE1EFC /* SHFFITypeContext.m in Sources */,
				2A65FB4B246800F800535203 /* HookInternal.swift in Sources */,
				2A0306022477BC3600DF86C6 /* NSObjectExtension.swift in Sources */,
				2AD183CC24650AE500B8EC51 /* SHObjectiveCUtilities.m in Sources */,
				2ABBD40B24EA96700094FEE0 /* ParametersCheck.swift in Sources */,
				2A951D5F246C5F63000DB1E7 /* DynamicClass.swift in Sources */,
				2A4559AC24F570D8003817C1 /* InsteadHookClosureExtension.swift in Sources */,
				2AC10C80245872F200ED6815 /* Signature.swift in Sources */,
				2A5363942460762F008B8A94 /* OverrideSuperMethod.swift in Sources */,
				2A728728246EC1AB002D63A1 /* SwiftHook.swift in Sources */,
				2A7F43C02458359E00A63935 /* HookContext.swift in Sources */,
				2A65762F2472BA9A00FE57CE /* TargetObjectExtension.swift in Sources */,
				2A701513246413CE00B81219 /* Utilities.swift in Sources */,
				2A96867B2485FA47004A2DD7 /* FFICIFContext.swift in Sources */,
				2A1134EC24713D30008555F9 /* HookDeallocAfterDelegate.swift in Sources */,
			);
			runOnlyForDeploymentPostprocessing = 0;
		};
		2AB67356245834E30011536D /* Sources */ = {
			isa = PBXSourcesBuildPhase;
			buildActionMask = 2147483647;
			files = (
				2AFCFC0524F7D7E400F31C39 /* OrderTests.swift in Sources */,
				2A7F43CC245835D600A63935 /* TestObject.swift in Sources */,
				2A49D84B247D0DDB00E61036 /* AspectsTests.m in Sources */,
				2A49D84D247D0F7A00E61036 /* AspectsErrorTests.m in Sources */,
				2A99159C24587BF4007955E7 /* SignatureTests.swift in Sources */,
				2A28021B2522DC02004F3291 /* VariableCaptureTests.swift in Sources */,
				2A2744A2246D8C5F00AE6A9A /* SwiftUtilities.swift in Sources */,
				2A951D41246BF784000DB1E7 /* SingleInstancesBeforeTests.swift in Sources */,
				5C4AB44D25BED9E5005BEC0C /* NSKVONotifying_MyClass.m in Sources */,
				2A5C8D5E24670DC800812DAD /* MemoryTests.swift in Sources */,
				2A7015112463F57200B81219 /* SHMethodSignatureTests.swift in Sources */,
				2A1811CC2461A23000B5F18F /* OverrideSuperMethodTests.swift in Sources */,
				2A0BE1AF2468210800B30BE3 /* ClassMethodBeforeTests.swift in Sources */,
				2A22A75A24E4E7E0008B81E5 /* MethodObjectAndSelectorTest.swift in Sources */,
				2AEE4F152476CB2E00F822D9 /* CompatibilityTests.swift in Sources */,
				2A951D45246BF7A4000DB1E7 /* SingleInstancesInsteadTests.swift in Sources */,
				2A7F43CA245835D600A63935 /* LibffiTests.swift in Sources */,
				5CB7A7F525BAC82C002E85BC /* SpecialClassTests.m in Sources */,
				2AB67360245834E30011536D /* SwiftHookTests.swift in Sources */,
				2A1134EE2471450E008555F9 /* HookDeallocAfterDelegateTests.swift in Sources */,
				2A7F43CB245835D600A63935 /* LibffiTestsOC.m in Sources */,
				2A3A4A71245C303C00FE1EFC /* FFITypeContextTests.swift in Sources */,
				5C0F5BF725B03FF900AEB73C /* KVOWrapperTests.swift in Sources */,
				2A0306042477BC4700DF86C6 /* SwiftHookOCTests.m in Sources */,
				2A2744A4246DA37F00AE6A9A /* DynamicClassTests.swift in Sources */,
				5CB66E0425BFB4C200086205 /* SwiftHook_MyClass.m in Sources */,
				2A172A5424756B18001FD825 /* HookInternalTests.swift in Sources */,
				2A8FBD4D246ED5AA00037E7E /* ObjectiveCTestObject.m in Sources */,
				2A0BE1B3246824B800B30BE3 /* ClassMethodInsteadTests.swift in Sources */,
				2A562936250A8A1D00426C2F /* StructTests.swift in Sources */,
				2A8FBD4A246ED53300037E7E /* SpecialMethodTests.swift in Sources */,
				2A2744A0246D8B7E00AE6A9A /* ObjectiveCUtilities.m in Sources */,
				2A5C8D5A24670C9400812DAD /* AllInstancesAfterTests.swift in Sources */,
				5C19C75C25C5643300C12968 /* ParametersCheckingOCTests.m in Sources */,
				2A0BE1B12468241C00B30BE3 /* ClassMethodAfterTests.swift in Sources */,
				2A5C8D5C24670CA500812DAD /* AllInstancesInsteadTests.swift in Sources */,
				2A728721246E76F7002D63A1 /* ThreadSafetyTests.swift in Sources */,
				2A951D43246BF796000DB1E7 /* SingleInstancesAfterTests.swift in Sources */,
				2AA23CB8247E6ED3003776FC /* AspectsSwiftTests.swift in Sources */,
				2A8BB5092474458700942DDC /* ParametersCheckingTests.swift in Sources */,
				5C1C560C25B1966D00452D25 /* KVOWrapperOCTests.m in Sources */,
				2A2F212424758C7D0032A64D /* HookContextTests.swift in Sources */,
				2A5C8D5824670C6E00812DAD /* AllInstancesBeforeTests.swift in Sources */,
			);
			runOnlyForDeploymentPostprocessing = 0;
		};
/* End PBXSourcesBuildPhase section */

/* Begin PBXTargetDependency section */
		2A5A484E247D11FE002A3544 /* PBXTargetDependency */ = {
			isa = PBXTargetDependency;
			target = 2AB67350245834E30011536D /* SwiftHook */;
			targetProxy = 2A5A484D247D11FE002A3544 /* PBXContainerItemProxy */;
		};
		2AB6735D245834E30011536D /* PBXTargetDependency */ = {
			isa = PBXTargetDependency;
			target = 2AB67350245834E30011536D /* SwiftHook */;
			targetProxy = 2AB6735C245834E30011536D /* PBXContainerItemProxy */;
		};
/* End PBXTargetDependency section */

/* Begin XCBuildConfiguration section */
		2A5A4850247D11FE002A3544 /* Debug */ = {
			isa = XCBuildConfiguration;
			baseConfigurationReference = F12DE955891101E38E3AD0CD /* Pods-abstract-SwiftHook-abstract-Tests-PerformanceTests.debug.xcconfig */;
			buildSettings = {
				CLANG_ENABLE_MODULES = YES;
				CODE_SIGN_STYLE = Automatic;
				DEVELOPMENT_TEAM = ZQ7TZ3Q272;
				INFOPLIST_FILE = PerformanceTests/Info.plist;
				LD_RUNPATH_SEARCH_PATHS = (
					"$(inherited)",
					"@executable_path/Frameworks",
					"@loader_path/Frameworks",
				);
				PRODUCT_BUNDLE_IDENTIFIER = com.yanni.PerformanceTests;
				PRODUCT_NAME = "$(TARGET_NAME)";
				SWIFT_OBJC_BRIDGING_HEADER = "PerformanceTests/PerformanceTests-Bridging-Header.h";
				SWIFT_OPTIMIZATION_LEVEL = "-Onone";
				SWIFT_VERSION = 5.0;
				TARGETED_DEVICE_FAMILY = "1,2";
			};
			name = Debug;
		};
		2A5A4851247D11FE002A3544 /* Release */ = {
			isa = XCBuildConfiguration;
			baseConfigurationReference = BAD7DBE2536D5303CFF8B866 /* Pods-abstract-SwiftHook-abstract-Tests-PerformanceTests.release.xcconfig */;
			buildSettings = {
				CLANG_ENABLE_MODULES = YES;
				CODE_SIGN_STYLE = Automatic;
				DEVELOPMENT_TEAM = ZQ7TZ3Q272;
				INFOPLIST_FILE = PerformanceTests/Info.plist;
				LD_RUNPATH_SEARCH_PATHS = (
					"$(inherited)",
					"@executable_path/Frameworks",
					"@loader_path/Frameworks",
				);
				PRODUCT_BUNDLE_IDENTIFIER = com.yanni.PerformanceTests;
				PRODUCT_NAME = "$(TARGET_NAME)";
				SWIFT_OBJC_BRIDGING_HEADER = "PerformanceTests/PerformanceTests-Bridging-Header.h";
				SWIFT_VERSION = 5.0;
				TARGETED_DEVICE_FAMILY = "1,2";
			};
			name = Release;
		};
		2AB67363245834E30011536D /* Debug */ = {
			isa = XCBuildConfiguration;
			buildSettings = {
				ALWAYS_SEARCH_USER_PATHS = NO;
				CLANG_ANALYZER_NONNULL = YES;
				CLANG_ANALYZER_NUMBER_OBJECT_CONVERSION = YES_AGGRESSIVE;
				CLANG_CXX_LANGUAGE_STANDARD = "gnu++14";
				CLANG_CXX_LIBRARY = "libc++";
				CLANG_ENABLE_MODULES = YES;
				CLANG_ENABLE_OBJC_ARC = YES;
				CLANG_ENABLE_OBJC_WEAK = YES;
				CLANG_WARN_BLOCK_CAPTURE_AUTORELEASING = YES;
				CLANG_WARN_BOOL_CONVERSION = YES;
				CLANG_WARN_COMMA = YES;
				CLANG_WARN_CONSTANT_CONVERSION = YES;
				CLANG_WARN_DEPRECATED_OBJC_IMPLEMENTATIONS = YES;
				CLANG_WARN_DIRECT_OBJC_ISA_USAGE = YES_ERROR;
				CLANG_WARN_DOCUMENTATION_COMMENTS = YES;
				CLANG_WARN_EMPTY_BODY = YES;
				CLANG_WARN_ENUM_CONVERSION = YES;
				CLANG_WARN_INFINITE_RECURSION = YES;
				CLANG_WARN_INT_CONVERSION = YES;
				CLANG_WARN_NON_LITERAL_NULL_CONVERSION = YES;
				CLANG_WARN_OBJC_IMPLICIT_RETAIN_SELF = YES;
				CLANG_WARN_OBJC_LITERAL_CONVERSION = YES;
				CLANG_WARN_OBJC_ROOT_CLASS = YES_ERROR;
				CLANG_WARN_QUOTED_INCLUDE_IN_FRAMEWORK_HEADER = YES;
				CLANG_WARN_RANGE_LOOP_ANALYSIS = YES;
				CLANG_WARN_STRICT_PROTOTYPES = YES;
				CLANG_WARN_SUSPICIOUS_MOVE = YES;
				CLANG_WARN_UNGUARDED_AVAILABILITY = YES_AGGRESSIVE;
				CLANG_WARN_UNREACHABLE_CODE = YES;
				CLANG_WARN__DUPLICATE_METHOD_MATCH = YES;
				COPY_PHASE_STRIP = NO;
				CURRENT_PROJECT_VERSION = 1;
				DEBUG_INFORMATION_FORMAT = dwarf;
				ENABLE_STRICT_OBJC_MSGSEND = YES;
				ENABLE_TESTABILITY = YES;
				GCC_C_LANGUAGE_STANDARD = gnu11;
				GCC_DYNAMIC_NO_PIC = NO;
				GCC_NO_COMMON_BLOCKS = YES;
				GCC_OPTIMIZATION_LEVEL = 0;
				GCC_PREPROCESSOR_DEFINITIONS = (
					"DEBUG=1",
					"$(inherited)",
				);
				GCC_WARN_64_TO_32_BIT_CONVERSION = YES;
				GCC_WARN_ABOUT_RETURN_TYPE = YES_ERROR;
				GCC_WARN_UNDECLARED_SELECTOR = YES;
				GCC_WARN_UNINITIALIZED_AUTOS = YES_AGGRESSIVE;
				GCC_WARN_UNUSED_FUNCTION = YES;
				GCC_WARN_UNUSED_VARIABLE = YES;
				IPHONEOS_DEPLOYMENT_TARGET = 10.0;
				MTL_ENABLE_DEBUG_INFO = INCLUDE_SOURCE;
				MTL_FAST_MATH = YES;
				ONLY_ACTIVE_ARCH = YES;
				SDKROOT = iphoneos;
				SWIFT_ACTIVE_COMPILATION_CONDITIONS = DEBUG;
				SWIFT_OPTIMIZATION_LEVEL = "-Onone";
				VERSIONING_SYSTEM = "apple-generic";
				VERSION_INFO_PREFIX = "";
			};
			name = Debug;
		};
		2AB67364245834E30011536D /* Release */ = {
			isa = XCBuildConfiguration;
			buildSettings = {
				ALWAYS_SEARCH_USER_PATHS = NO;
				CLANG_ANALYZER_NONNULL = YES;
				CLANG_ANALYZER_NUMBER_OBJECT_CONVERSION = YES_AGGRESSIVE;
				CLANG_CXX_LANGUAGE_STANDARD = "gnu++14";
				CLANG_CXX_LIBRARY = "libc++";
				CLANG_ENABLE_MODULES = YES;
				CLANG_ENABLE_OBJC_ARC = YES;
				CLANG_ENABLE_OBJC_WEAK = YES;
				CLANG_WARN_BLOCK_CAPTURE_AUTORELEASING = YES;
				CLANG_WARN_BOOL_CONVERSION = YES;
				CLANG_WARN_COMMA = YES;
				CLANG_WARN_CONSTANT_CONVERSION = YES;
				CLANG_WARN_DEPRECATED_OBJC_IMPLEMENTATIONS = YES;
				CLANG_WARN_DIRECT_OBJC_ISA_USAGE = YES_ERROR;
				CLANG_WARN_DOCUMENTATION_COMMENTS = YES;
				CLANG_WARN_EMPTY_BODY = YES;
				CLANG_WARN_ENUM_CONVERSION = YES;
				CLANG_WARN_INFINITE_RECURSION = YES;
				CLANG_WARN_INT_CONVERSION = YES;
				CLANG_WARN_NON_LITERAL_NULL_CONVERSION = YES;
				CLANG_WARN_OBJC_IMPLICIT_RETAIN_SELF = YES;
				CLANG_WARN_OBJC_LITERAL_CONVERSION = YES;
				CLANG_WARN_OBJC_ROOT_CLASS = YES_ERROR;
				CLANG_WARN_QUOTED_INCLUDE_IN_FRAMEWORK_HEADER = YES;
				CLANG_WARN_RANGE_LOOP_ANALYSIS = YES;
				CLANG_WARN_STRICT_PROTOTYPES = YES;
				CLANG_WARN_SUSPICIOUS_MOVE = YES;
				CLANG_WARN_UNGUARDED_AVAILABILITY = YES_AGGRESSIVE;
				CLANG_WARN_UNREACHABLE_CODE = YES;
				CLANG_WARN__DUPLICATE_METHOD_MATCH = YES;
				COPY_PHASE_STRIP = NO;
				CURRENT_PROJECT_VERSION = 1;
				DEBUG_INFORMATION_FORMAT = "dwarf-with-dsym";
				ENABLE_NS_ASSERTIONS = NO;
				ENABLE_STRICT_OBJC_MSGSEND = YES;
				GCC_C_LANGUAGE_STANDARD = gnu11;
				GCC_NO_COMMON_BLOCKS = YES;
				GCC_WARN_64_TO_32_BIT_CONVERSION = YES;
				GCC_WARN_ABOUT_RETURN_TYPE = YES_ERROR;
				GCC_WARN_UNDECLARED_SELECTOR = YES;
				GCC_WARN_UNINITIALIZED_AUTOS = YES_AGGRESSIVE;
				GCC_WARN_UNUSED_FUNCTION = YES;
				GCC_WARN_UNUSED_VARIABLE = YES;
				IPHONEOS_DEPLOYMENT_TARGET = 10.0;
				MTL_ENABLE_DEBUG_INFO = NO;
				MTL_FAST_MATH = YES;
				SDKROOT = iphoneos;
				SWIFT_COMPILATION_MODE = wholemodule;
				SWIFT_OPTIMIZATION_LEVEL = "-O";
				VALIDATE_PRODUCT = YES;
				VERSIONING_SYSTEM = "apple-generic";
				VERSION_INFO_PREFIX = "";
			};
			name = Release;
		};
		2AB67366245834E30011536D /* Debug */ = {
			isa = XCBuildConfiguration;
			baseConfigurationReference = D4EDF113598DFE359EA93505 /* Pods-abstract-SwiftHook-SwiftHook.debug.xcconfig */;
			buildSettings = {
				CLANG_ENABLE_MODULES = YES;
				CODE_SIGN_STYLE = Automatic;
				DEFINES_MODULE = YES;
				DEVELOPMENT_TEAM = ZQ7TZ3Q272;
				DYLIB_COMPATIBILITY_VERSION = 1;
				DYLIB_CURRENT_VERSION = 1;
				DYLIB_INSTALL_NAME_BASE = "@rpath";
				INFOPLIST_FILE = SwiftHook/Info.plist;
				INSTALL_PATH = "$(LOCAL_LIBRARY_DIR)/Frameworks";
				LD_RUNPATH_SEARCH_PATHS = (
					"$(inherited)",
					"@executable_path/Frameworks",
					"@loader_path/Frameworks",
				);
				PRODUCT_BUNDLE_IDENTIFIER = com.yanni.SwiftHook;
				PRODUCT_NAME = "$(TARGET_NAME:c99extidentifier)";
				SKIP_INSTALL = YES;
				SUPPORTS_MACCATALYST = NO;
				SWIFT_OPTIMIZATION_LEVEL = "-Onone";
				SWIFT_VERSION = 5.0;
				TARGETED_DEVICE_FAMILY = "1,2";
			};
			name = Debug;
		};
		2AB67367245834E30011536D /* Release */ = {
			isa = XCBuildConfiguration;
			baseConfigurationReference = 56A4774BBF986065FB393974 /* Pods-abstract-SwiftHook-SwiftHook.release.xcconfig */;
			buildSettings = {
				CLANG_ENABLE_MODULES = YES;
				CODE_SIGN_STYLE = Automatic;
				DEFINES_MODULE = YES;
				DEVELOPMENT_TEAM = ZQ7TZ3Q272;
				DYLIB_COMPATIBILITY_VERSION = 1;
				DYLIB_CURRENT_VERSION = 1;
				DYLIB_INSTALL_NAME_BASE = "@rpath";
				ENABLE_TESTABILITY = YES;
				INFOPLIST_FILE = SwiftHook/Info.plist;
				INSTALL_PATH = "$(LOCAL_LIBRARY_DIR)/Frameworks";
				LD_RUNPATH_SEARCH_PATHS = (
					"$(inherited)",
					"@executable_path/Frameworks",
					"@loader_path/Frameworks",
				);
				PRODUCT_BUNDLE_IDENTIFIER = com.yanni.SwiftHook;
				PRODUCT_NAME = "$(TARGET_NAME:c99extidentifier)";
				SKIP_INSTALL = YES;
				SUPPORTS_MACCATALYST = NO;
				SWIFT_VERSION = 5.0;
				TARGETED_DEVICE_FAMILY = "1,2";
			};
			name = Release;
		};
		2AB67369245834E30011536D /* Debug */ = {
			isa = XCBuildConfiguration;
			baseConfigurationReference = 9F5BDFB4D8F29B447F9C8114 /* Pods-abstract-SwiftHook-abstract-Tests-SwiftHookTests.debug.xcconfig */;
			buildSettings = {
				ALWAYS_EMBED_SWIFT_STANDARD_LIBRARIES = YES;
				CLANG_ENABLE_MODULES = YES;
				CODE_SIGN_STYLE = Automatic;
				DEVELOPMENT_TEAM = ZQ7TZ3Q272;
				INFOPLIST_FILE = SwiftHookTests/Info.plist;
				LD_RUNPATH_SEARCH_PATHS = (
					"$(inherited)",
					"@executable_path/Frameworks",
					"@loader_path/Frameworks",
				);
				PRODUCT_BUNDLE_IDENTIFIER = com.yanni.SwiftHookTests;
				PRODUCT_NAME = "$(TARGET_NAME)";
				SWIFT_OBJC_BRIDGING_HEADER = "SwiftHookTests/SwiftHookTests-Bridging-Header.h";
				SWIFT_OPTIMIZATION_LEVEL = "-Onone";
				SWIFT_VERSION = 5.0;
				TARGETED_DEVICE_FAMILY = "1,2";
			};
			name = Debug;
		};
		2AB6736A245834E30011536D /* Release */ = {
			isa = XCBuildConfiguration;
			baseConfigurationReference = 88C8289860529051CF5421EE /* Pods-abstract-SwiftHook-abstract-Tests-SwiftHookTests.release.xcconfig */;
			buildSettings = {
				ALWAYS_EMBED_SWIFT_STANDARD_LIBRARIES = YES;
				CLANG_ENABLE_MODULES = YES;
				CODE_SIGN_STYLE = Automatic;
				DEVELOPMENT_TEAM = ZQ7TZ3Q272;
				INFOPLIST_FILE = SwiftHookTests/Info.plist;
				LD_RUNPATH_SEARCH_PATHS = (
					"$(inherited)",
					"@executable_path/Frameworks",
					"@loader_path/Frameworks",
				);
				PRODUCT_BUNDLE_IDENTIFIER = com.yanni.SwiftHookTests;
				PRODUCT_NAME = "$(TARGET_NAME)";
				SWIFT_OBJC_BRIDGING_HEADER = "SwiftHookTests/SwiftHookTests-Bridging-Header.h";
				SWIFT_VERSION = 5.0;
				TARGETED_DEVICE_FAMILY = "1,2";
			};
			name = Release;
		};
/* End XCBuildConfiguration section */

/* Begin XCConfigurationList section */
		2A5A484F247D11FE002A3544 /* Build configuration list for PBXNativeTarget "PerformanceTests" */ = {
			isa = XCConfigurationList;
			buildConfigurations = (
				2A5A4850247D11FE002A3544 /* Debug */,
				2A5A4851247D11FE002A3544 /* Release */,
			);
			defaultConfigurationIsVisible = 0;
			defaultConfigurationName = Release;
		};
		2AB6734B245834E30011536D /* Build configuration list for PBXProject "SwiftHook" */ = {
			isa = XCConfigurationList;
			buildConfigurations = (
				2AB67363245834E30011536D /* Debug */,
				2AB67364245834E30011536D /* Release */,
			);
			defaultConfigurationIsVisible = 0;
			defaultConfigurationName = Release;
		};
		2AB67365245834E30011536D /* Build configuration list for PBXNativeTarget "SwiftHook" */ = {
			isa = XCConfigurationList;
			buildConfigurations = (
				2AB67366245834E30011536D /* Debug */,
				2AB67367245834E30011536D /* Release */,
			);
			defaultConfigurationIsVisible = 0;
			defaultConfigurationName = Release;
		};
		2AB67368245834E30011536D /* Build configuration list for PBXNativeTarget "SwiftHookTests" */ = {
			isa = XCConfigurationList;
			buildConfigurations = (
				2AB67369245834E30011536D /* Debug */,
				2AB6736A245834E30011536D /* Release */,
			);
			defaultConfigurationIsVisible = 0;
			defaultConfigurationName = Release;
		};
/* End XCConfigurationList section */
	};
	rootObject = 2AB67348245834E30011536D /* Project object */;
}
