PODS:
  - EasySwiftHook (3.5.3):
    - libffi_apple (~> 3.4.7)
  - libffi_apple (3.4.7)

DEPENDENCIES:
  - EasySwiftHook (from `../`)

SPEC REPOS:
  https://github.com/CocoaPods/Specs.git:
    - libffi_apple

EXTERNAL SOURCES:
  EasySwiftHook:
    :path: "../"

SPEC CHECKSUMS:
  EasySwiftHook: 60c36c9b65f7e177db97adb8e634a7ce6753f768
  libffi_apple: b124fcff981c2cc81100c416b87473f9544bad8b

PODFILE CHECKSUM: 1dcd469670aa096950b11cb5fd88036c568e9c74

COCOAPODS: 1.16.2
