PODS:
  - EasySwiftHook (3.5.2):
    - libffi_apple (~> 3.4.5)
  - libffi_apple (3.4.5)

DEPENDENCIES:
  - EasySwiftHook (from `../`)

SPEC REPOS:
  https://github.com/CocoaPods/Specs.git:
    - libffi_apple

EXTERNAL SOURCES:
  EasySwiftHook:
    :path: "../"

SPEC CHECKSUMS:
  EasySwiftHook: ff222cfa146ee3192c88d6bb1c4690b6f4482106
  libffi_apple: 1b1ccf5c04a53234a73c0eb44981778f74d4da78

PODFILE CHECKSUM: 1dcd469670aa096950b11cb5fd88036c568e9c74

COCOAPODS: 1.15.2
