PODS:
  - Aspects (1.4.1)
  - libffi_apple (3.4.4)
  - SwiftLint (0.54.0)

DEPENDENCIES:
  - Aspects
  - libffi_apple (~> 3.4.4)
  - SwiftLint

SPEC REPOS:
  https://github.com/CocoaPods/Specs.git:
    - Aspects
    - libffi_apple
    - SwiftLint

SPEC CHECKSUMS:
  Aspects: 7595ba96a6727a58ebcbfc954497fc5d2fdde546
  libffi_apple: 6e58d4f9faa5111041891ec03d4df8ece1d02f9c
  SwiftLint: c1de071d9d08c8aba837545f6254315bc900e211

PODFILE CHECKSUM: e6e46aff078ca730c98e15ad3d95bafe5fad98d9

COCOAPODS: 1.14.3
