PODS:
  - Aspects (1.4.1)
  - libffi-iOS (3.3.1-iOS)

DEPENDENCIES:
  - Aspects
  - libffi-iOS (~> 3.3.1-iOS)

SPEC REPOS:
  trunk:
    - Aspects
    - libffi-iOS

SPEC CHECKSUMS:
  Aspects: 7595ba96a6727a58ebcbfc954497fc5d2fdde546
  libffi-iOS: 2bc32e3a43d20893312ed7015324766a65ca28a3

PODFILE CHECKSUM: ad4274bccb543d6aec098749975a157e7794cdc0

COCOAPODS: 1.9.1
