// !$*UTF8*$!
{
	archiveVersion = 1;
	classes = {
	};
	objectVersion = 52;
	objects = {

/* Begin PBXBuildFile section */
		5CC5C04A2679A1B2003EDA6F /* AppDelegate.swift in Sources */ = {isa = PBXBuildFile; fileRef = 5CC5C0492679A1B2003EDA6F /* AppDelegate.swift */; };
		5CC5C04C2679A1B2003EDA6F /* SceneDelegate.swift in Sources */ = {isa = PBXBuildFile; fileRef = 5CC5C04B2679A1B2003EDA6F /* SceneDelegate.swift */; };
		5CC5C04E2679A1B2003EDA6F /* ViewController.swift in Sources */ = {isa = PBXBuildFile; fileRef = 5CC5C04D2679A1B2003EDA6F /* ViewController.swift */; };
		5CC5C0512679A1B2003EDA6F /* Main.storyboard in Resources */ = {isa = PBXBuildFile; fileRef = 5CC5C04F2679A1B2003EDA6F /* Main.storyboard */; };
		5CC5C0532679A1B3003EDA6F /* Assets.xcassets in Resources */ = {isa = PBXBuildFile; fileRef = 5CC5C0522679A1B3003EDA6F /* Assets.xcassets */; };
		5CC5C0562679A1B3003EDA6F /* LaunchScreen.storyboard in Resources */ = {isa = PBXBuildFile; fileRef = 5CC5C0542679A1B3003EDA6F /* LaunchScreen.storyboard */; };
		5CC5C05F2679A2F5003EDA6F /* SwiftHook in Frameworks */ = {isa = PBXBuildFile; productRef = 5CC5C05E2679A2F5003EDA6F /* SwiftHook */; };
/* End PBXBuildFile section */

/* Begin PBXFileReference section */
		5CC5C0462679A1B2003EDA6F /* SwiftHookSPMDemo.app */ = {isa = PBXFileReference; explicitFileType = wrapper.application; includeInIndex = 0; path = SwiftHookSPMDemo.app; sourceTree = BUILT_PRODUCTS_DIR; };
		5CC5C0492679A1B2003EDA6F /* AppDelegate.swift */ = {isa = PBXFileReference; lastKnownFileType = sourcecode.swift; path = AppDelegate.swift; sourceTree = "<group>"; };
		5CC5C04B2679A1B2003EDA6F /* SceneDelegate.swift */ = {isa = PBXFileReference; lastKnownFileType = sourcecode.swift; path = SceneDelegate.swift; sourceTree = "<group>"; };
		5CC5C04D2679A1B2003EDA6F /* ViewController.swift */ = {isa = PBXFileReference; lastKnownFileType = sourcecode.swift; path = ViewController.swift; sourceTree = "<group>"; };
		5CC5C0502679A1B2003EDA6F /* Base */ = {isa = PBXFileReference; lastKnownFileType = file.storyboard; name = Base; path = Base.lproj/Main.storyboard; sourceTree = "<group>"; };
		5CC5C0522679A1B3003EDA6F /* Assets.xcassets */ = {isa = PBXFileReference; lastKnownFileType = folder.assetcatalog; path = Assets.xcassets; sourceTree = "<group>"; };
		5CC5C0552679A1B3003EDA6F /* Base */ = {isa = PBXFileReference; lastKnownFileType = file.storyboard; name = Base; path = Base.lproj/LaunchScreen.storyboard; sourceTree = "<group>"; };
		5CC5C0572679A1B3003EDA6F /* Info.plist */ = {isa = PBXFileReference; lastKnownFileType = text.plist.xml; path = Info.plist; sourceTree = "<group>"; };
/* End PBXFileReference section */

/* Begin PBXFrameworksBuildPhase section */
		5CC5C0432679A1B2003EDA6F /* Frameworks */ = {
			isa = PBXFrameworksBuildPhase;
			buildActionMask = 2147483647;
			files = (
				5CC5C05F2679A2F5003EDA6F /* SwiftHook in Frameworks */,
			);
			runOnlyForDeploymentPostprocessing = 0;
		};
/* End PBXFrameworksBuildPhase section */

/* Begin PBXGroup section */
		5CC5C03D2679A1B1003EDA6F = {
			isa = PBXGroup;
			children = (
				5CC5C0482679A1B2003EDA6F /* SwiftHookSPMDemo */,
				5CC5C0472679A1B2003EDA6F /* Products */,
			);
			sourceTree = "<group>";
		};
		5CC5C0472679A1B2003EDA6F /* Products */ = {
			isa = PBXGroup;
			children = (
				5CC5C0462679A1B2003EDA6F /* SwiftHookSPMDemo.app */,
			);
			name = Products;
			sourceTree = "<group>";
		};
		5CC5C0482679A1B2003EDA6F /* SwiftHookSPMDemo */ = {
			isa = PBXGroup;
			children = (
				5CC5C0492679A1B2003EDA6F /* AppDelegate.swift */,
				5CC5C04B2679A1B2003EDA6F /* SceneDelegate.swift */,
				5CC5C04D2679A1B2003EDA6F /* ViewController.swift */,
				5CC5C04F2679A1B2003EDA6F /* Main.storyboard */,
				5CC5C0522679A1B3003EDA6F /* Assets.xcassets */,
				5CC5C0542679A1B3003EDA6F /* LaunchScreen.storyboard */,
				5CC5C0572679A1B3003EDA6F /* Info.plist */,
			);
			path = SwiftHookSPMDemo;
			sourceTree = "<group>";
		};
/* End PBXGroup section */

/* Begin PBXNativeTarget section */
		5CC5C0452679A1B2003EDA6F /* SwiftHookSPMDemo */ = {
			isa = PBXNativeTarget;
			buildConfigurationList = 5CC5C05A2679A1B3003EDA6F /* Build configuration list for PBXNativeTarget "SwiftHookSPMDemo" */;
			buildPhases = (
				5CC5C0422679A1B2003EDA6F /* Sources */,
				5CC5C0432679A1B2003EDA6F /* Frameworks */,
				5CC5C0442679A1B2003EDA6F /* Resources */,
			);
			buildRules = (
			);
			dependencies = (
			);
			name = SwiftHookSPMDemo;
			packageProductDependencies = (
				5CC5C05E2679A2F5003EDA6F /* SwiftHook */,
			);
			productName = SwiftHookSPMDemo;
			productReference = 5CC5C0462679A1B2003EDA6F /* SwiftHookSPMDemo.app */;
			productType = "com.apple.product-type.application";
		};
/* End PBXNativeTarget section */

/* Begin PBXProject section */
		5CC5C03E2679A1B1003EDA6F /* Project object */ = {
			isa = PBXProject;
			attributes = {
				LastSwiftUpdateCheck = 1250;
				LastUpgradeCheck = 1250;
				TargetAttributes = {
					5CC5C0452679A1B2003EDA6F = {
						CreatedOnToolsVersion = 12.5;
					};
				};
			};
			buildConfigurationList = 5CC5C0412679A1B1003EDA6F /* Build configuration list for PBXProject "SwiftHookSPMDemo" */;
			compatibilityVersion = "Xcode 9.3";
			developmentRegion = en;
			hasScannedForEncodings = 0;
			knownRegions = (
				en,
				Base,
			);
			mainGroup = 5CC5C03D2679A1B1003EDA6F;
			packageReferences = (
				5CC5C05D2679A2F5003EDA6F /* XCRemoteSwiftPackageReference "SwiftHook" */,
			);
			productRefGroup = 5CC5C0472679A1B2003EDA6F /* Products */;
			projectDirPath = "";
			projectRoot = "";
			targets = (
				5CC5C0452679A1B2003EDA6F /* SwiftHookSPMDemo */,
			);
		};
/* End PBXProject section */

/* Begin PBXResourcesBuildPhase section */
		5CC5C0442679A1B2003EDA6F /* Resources */ = {
			isa = PBXResourcesBuildPhase;
			buildActionMask = 2147483647;
			files = (
				5CC5C0562679A1B3003EDA6F /* LaunchScreen.storyboard in Resources */,
				5CC5C0532679A1B3003EDA6F /* Assets.xcassets in Resources */,
				5CC5C0512679A1B2003EDA6F /* Main.storyboard in Resources */,
			);
			runOnlyForDeploymentPostprocessing = 0;
		};
/* End PBXResourcesBuildPhase section */

/* Begin PBXSourcesBuildPhase section */
		5CC5C0422679A1B2003EDA6F /* Sources */ = {
			isa = PBXSourcesBuildPhase;
			buildActionMask = 2147483647;
			files = (
				5CC5C04E2679A1B2003EDA6F /* ViewController.swift in Sources */,
				5CC5C04A2679A1B2003EDA6F /* AppDelegate.swift in Sources */,
				5CC5C04C2679A1B2003EDA6F /* SceneDelegate.swift in Sources */,
			);
			runOnlyForDeploymentPostprocessing = 0;
		};
/* End PBXSourcesBuildPhase section */

/* Begin PBXVariantGroup section */
		5CC5C04F2679A1B2003EDA6F /* Main.storyboard */ = {
			isa = PBXVariantGroup;
			children = (
				5CC5C0502679A1B2003EDA6F /* Base */,
			);
			name = Main.storyboard;
			sourceTree = "<group>";
		};
		5CC5C0542679A1B3003EDA6F /* LaunchScreen.storyboard */ = {
			isa = PBXVariantGroup;
			children = (
				5CC5C0552679A1B3003EDA6F /* Base */,
			);
			name = LaunchScreen.storyboard;
			sourceTree = "<group>";
		};
/* End PBXVariantGroup section */

/* Begin XCBuildConfiguration section */
		5CC5C0582679A1B3003EDA6F /* Debug */ = {
			isa = XCBuildConfiguration;
			buildSettings = {
				ALWAYS_SEARCH_USER_PATHS = NO;
				CLANG_ANALYZER_NONNULL = YES;
				CLANG_ANALYZER_NUMBER_OBJECT_CONVERSION = YES_AGGRESSIVE;
				CLANG_CXX_LANGUAGE_STANDARD = "gnu++14";
				CLANG_CXX_LIBRARY = "libc++";
				CLANG_ENABLE_MODULES = YES;
				CLANG_ENABLE_OBJC_ARC = YES;
				CLANG_ENABLE_OBJC_WEAK = YES;
				CLANG_WARN_BLOCK_CAPTURE_AUTORELEASING = YES;
				CLANG_WARN_BOOL_CONVERSION = YES;
				CLANG_WARN_COMMA = YES;
				CLANG_WARN_CONSTANT_CONVERSION = YES;
				CLANG_WARN_DEPRECATED_OBJC_IMPLEMENTATIONS = YES;
				CLANG_WARN_DIRECT_OBJC_ISA_USAGE = YES_ERROR;
				CLANG_WARN_DOCUMENTATION_COMMENTS = YES;
				CLANG_WARN_EMPTY_BODY = YES;
				CLANG_WARN_ENUM_CONVERSION = YES;
				CLANG_WARN_INFINITE_RECURSION = YES;
				CLANG_WARN_INT_CONVERSION = YES;
				CLANG_WARN_NON_LITERAL_NULL_CONVERSION = YES;
				CLANG_WARN_OBJC_IMPLICIT_RETAIN_SELF = YES;
				CLANG_WARN_OBJC_LITERAL_CONVERSION = YES;
				CLANG_WARN_OBJC_ROOT_CLASS = YES_ERROR;
				CLANG_WARN_QUOTED_INCLUDE_IN_FRAMEWORK_HEADER = YES;
				CLANG_WARN_RANGE_LOOP_ANALYSIS = YES;
				CLANG_WARN_STRICT_PROTOTYPES = YES;
				CLANG_WARN_SUSPICIOUS_MOVE = YES;
				CLANG_WARN_UNGUARDED_AVAILABILITY = YES_AGGRESSIVE;
				CLANG_WARN_UNREACHABLE_CODE = YES;
				CLANG_WARN__DUPLICATE_METHOD_MATCH = YES;
				COPY_PHASE_STRIP = NO;
				DEBUG_INFORMATION_FORMAT = dwarf;
				ENABLE_STRICT_OBJC_MSGSEND = YES;
				ENABLE_TESTABILITY = YES;
				GCC_C_LANGUAGE_STANDARD = gnu11;
				GCC_DYNAMIC_NO_PIC = NO;
				GCC_NO_COMMON_BLOCKS = YES;
				GCC_OPTIMIZATION_LEVEL = 0;
				GCC_PREPROCESSOR_DEFINITIONS = (
					"DEBUG=1",
					"$(inherited)",
				);
				GCC_WARN_64_TO_32_BIT_CONVERSION = YES;
				GCC_WARN_ABOUT_RETURN_TYPE = YES_ERROR;
				GCC_WARN_UNDECLARED_SELECTOR = YES;
				GCC_WARN_UNINITIALIZED_AUTOS = YES_AGGRESSIVE;
				GCC_WARN_UNUSED_FUNCTION = YES;
				GCC_WARN_UNUSED_VARIABLE = YES;
				IPHONEOS_DEPLOYMENT_TARGET = 14.5;
				MTL_ENABLE_DEBUG_INFO = INCLUDE_SOURCE;
				MTL_FAST_MATH = YES;
				ONLY_ACTIVE_ARCH = YES;
				SDKROOT = iphoneos;
				SWIFT_ACTIVE_COMPILATION_CONDITIONS = DEBUG;
				SWIFT_OPTIMIZATION_LEVEL = "-Onone";
			};
			name = Debug;
		};
		5CC5C0592679A1B3003EDA6F /* Release */ = {
			isa = XCBuildConfiguration;
			buildSettings = {
				ALWAYS_SEARCH_USER_PATHS = NO;
				CLANG_ANALYZER_NONNULL = YES;
				CLANG_ANALYZER_NUMBER_OBJECT_CONVERSION = YES_AGGRESSIVE;
				CLANG_CXX_LANGUAGE_STANDARD = "gnu++14";
				CLANG_CXX_LIBRARY = "libc++";
				CLANG_ENABLE_MODULES = YES;
				CLANG_ENABLE_OBJC_ARC = YES;
				CLANG_ENABLE_OBJC_WEAK = YES;
				CLANG_WARN_BLOCK_CAPTURE_AUTORELEASING = YES;
				CLANG_WARN_BOOL_CONVERSION = YES;
				CLANG_WARN_COMMA = YES;
				CLANG_WARN_CONSTANT_CONVERSION = YES;
				CLANG_WARN_DEPRECATED_OBJC_IMPLEMENTATIONS = YES;
				CLANG_WARN_DIRECT_OBJC_ISA_USAGE = YES_ERROR;
				CLANG_WARN_DOCUMENTATION_COMMENTS = YES;
				CLANG_WARN_EMPTY_BODY = YES;
				CLANG_WARN_ENUM_CONVERSION = YES;
				CLANG_WARN_INFINITE_RECURSION = YES;
				CLANG_WARN_INT_CONVERSION = YES;
				CLANG_WARN_NON_LITERAL_NULL_CONVERSION = YES;
				CLANG_WARN_OBJC_IMPLICIT_RETAIN_SELF = YES;
				CLANG_WARN_OBJC_LITERAL_CONVERSION = YES;
				CLANG_WARN_OBJC_ROOT_CLASS = YES_ERROR;
				CLANG_WARN_QUOTED_INCLUDE_IN_FRAMEWORK_HEADER = YES;
				CLANG_WARN_RANGE_LOOP_ANALYSIS = YES;
				CLANG_WARN_STRICT_PROTOTYPES = YES;
				CLANG_WARN_SUSPICIOUS_MOVE = YES;
				CLANG_WARN_UNGUARDED_AVAILABILITY = YES_AGGRESSIVE;
				CLANG_WARN_UNREACHABLE_CODE = YES;
				CLANG_WARN__DUPLICATE_METHOD_MATCH = YES;
				COPY_PHASE_STRIP = NO;
				DEBUG_INFORMATION_FORMAT = "dwarf-with-dsym";
				ENABLE_NS_ASSERTIONS = NO;
				ENABLE_STRICT_OBJC_MSGSEND = YES;
				GCC_C_LANGUAGE_STANDARD = gnu11;
				GCC_NO_COMMON_BLOCKS = YES;
				GCC_WARN_64_TO_32_BIT_CONVERSION = YES;
				GCC_WARN_ABOUT_RETURN_TYPE = YES_ERROR;
				GCC_WARN_UNDECLARED_SELECTOR = YES;
				GCC_WARN_UNINITIALIZED_AUTOS = YES_AGGRESSIVE;
				GCC_WARN_UNUSED_FUNCTION = YES;
				GCC_WARN_UNUSED_VARIABLE = YES;
				IPHONEOS_DEPLOYMENT_TARGET = 14.5;
				MTL_ENABLE_DEBUG_INFO = NO;
				MTL_FAST_MATH = YES;
				SDKROOT = iphoneos;
				SWIFT_COMPILATION_MODE = wholemodule;
				SWIFT_OPTIMIZATION_LEVEL = "-O";
				VALIDATE_PRODUCT = YES;
			};
			name = Release;
		};
		5CC5C05B2679A1B3003EDA6F /* Debug */ = {
			isa = XCBuildConfiguration;
			buildSettings = {
				ASSETCATALOG_COMPILER_APPICON_NAME = AppIcon;
				ASSETCATALOG_COMPILER_GLOBAL_ACCENT_COLOR_NAME = AccentColor;
				CODE_SIGN_STYLE = Automatic;
				DEVELOPMENT_TEAM = ZQ7TZ3Q272;
				INFOPLIST_FILE = SwiftHookSPMDemo/Info.plist;
				LD_RUNPATH_SEARCH_PATHS = (
					"$(inherited)",
					"@executable_path/Frameworks",
				);
				PRODUCT_BUNDLE_IDENTIFIER = com.yanni.SwiftHookSPMDemo;
				PRODUCT_NAME = "$(TARGET_NAME)";
				SWIFT_VERSION = 5.0;
				TARGETED_DEVICE_FAMILY = "1,2";
			};
			name = Debug;
		};
		5CC5C05C2679A1B3003EDA6F /* Release */ = {
			isa = XCBuildConfiguration;
			buildSettings = {
				ASSETCATALOG_COMPILER_APPICON_NAME = AppIcon;
				ASSETCATALOG_COMPILER_GLOBAL_ACCENT_COLOR_NAME = AccentColor;
				CODE_SIGN_STYLE = Automatic;
				DEVELOPMENT_TEAM = ZQ7TZ3Q272;
				INFOPLIST_FILE = SwiftHookSPMDemo/Info.plist;
				LD_RUNPATH_SEARCH_PATHS = (
					"$(inherited)",
					"@executable_path/Frameworks",
				);
				PRODUCT_BUNDLE_IDENTIFIER = com.yanni.SwiftHookSPMDemo;
				PRODUCT_NAME = "$(TARGET_NAME)";
				SWIFT_VERSION = 5.0;
				TARGETED_DEVICE_FAMILY = "1,2";
			};
			name = Release;
		};
/* End XCBuildConfiguration section */

/* Begin XCConfigurationList section */
		5CC5C0412679A1B1003EDA6F /* Build configuration list for PBXProject "SwiftHookSPMDemo" */ = {
			isa = XCConfigurationList;
			buildConfigurations = (
				5CC5C0582679A1B3003EDA6F /* Debug */,
				5CC5C0592679A1B3003EDA6F /* Release */,
			);
			defaultConfigurationIsVisible = 0;
			defaultConfigurationName = Release;
		};
		5CC5C05A2679A1B3003EDA6F /* Build configuration list for PBXNativeTarget "SwiftHookSPMDemo" */ = {
			isa = XCConfigurationList;
			buildConfigurations = (
				5CC5C05B2679A1B3003EDA6F /* Debug */,
				5CC5C05C2679A1B3003EDA6F /* Release */,
			);
			defaultConfigurationIsVisible = 0;
			defaultConfigurationName = Release;
		};
/* End XCConfigurationList section */

/* Begin XCRemoteSwiftPackageReference section */
		5CC5C05D2679A2F5003EDA6F /* XCRemoteSwiftPackageReference "SwiftHook" */ = {
			isa = XCRemoteSwiftPackageReference;
			repositoryURL = "https://github.com/623637646/SwiftHook.git";
			requirement = {
				branch = master;
				kind = branch;
			};
		};
/* End XCRemoteSwiftPackageReference section */

/* Begin XCSwiftPackageProductDependency section */
		5CC5C05E2679A2F5003EDA6F /* SwiftHook */ = {
			isa = XCSwiftPackageProductDependency;
			package = 5CC5C05D2679A2F5003EDA6F /* XCRemoteSwiftPackageReference "SwiftHook" */;
			productName = SwiftHook;
		};
/* End XCSwiftPackageProductDependency section */
	};
	rootObject = 5CC5C03E2679A1B1003EDA6F /* Project object */;
}
