PODS:
  - EasySwiftHook (2.0.2):
    - libffi-iOS (~> 3.3.3-iOS)
  - libffi-iOS (3.3.3-iOS)

DEPENDENCIES:
  - EasySwiftHook (from `../`)

SPEC REPOS:
  https://github.com/CocoaPods/Specs.git:
    - libffi-iOS

EXTERNAL SOURCES:
  EasySwiftHook:
    :path: "../"

SPEC CHECKSUMS:
  EasySwiftHook: 6e80f42df805998ab8a1b7ef8fdeb06717f73e21
  libffi-iOS: 09ffcd51939f869b3764f896cb097db210325815

PODFILE CHECKSUM: fedd2766112ed9d3fe85d07949ee14da40f266a5

COCOAPODS: 1.9.1
