PODS:
  - EasySwiftHook (1.0.6):
    - libffi-iOS (~> 3.3-iOS)
  - libffi-iOS (3.3-iOS)

DEPENDENCIES:
  - EasySwiftHook (from `../`)

SPEC REPOS:
  trunk:
    - libffi-iOS

EXTERNAL SOURCES:
  EasySwiftHook:
    :path: "../"

SPEC CHECKSUMS:
  EasySwiftHook: 3861bbf76c025c815f22dc3e0bdf49114303a941
  libffi-iOS: 1006a827f3518a5d1164ab4f5b82a1bc150e1d9b

PODFILE CHECKSUM: 99fd24715274c9c5c6b08d040055a44846672b5d

COCOAPODS: 1.9.1
