PODS:
  - EasySwiftHook (3.0.0):
    - libffi-iOS (~> 3.3.3-iOS)
  - libffi-iOS (3.3.3-iOS)

DEPENDENCIES:
  - EasySwiftHook (from `../`)

SPEC REPOS:
  https://github.com/CocoaPods/Specs.git:
    - libffi-iOS

EXTERNAL SOURCES:
  EasySwiftHook:
    :path: "../"

SPEC CHECKSUMS:
  EasySwiftHook: 23426edcae0ccd2848a94af43d0023306105ab84
  libffi-iOS: 09ffcd51939f869b3764f896cb097db210325815

PODFILE CHECKSUM: fedd2766112ed9d3fe85d07949ee14da40f266a5

COCOAPODS: 1.10.0
