// !$*UTF8*$!
{
	archiveVersion = 1;
	classes = {
	};
	objectVersion = 56;
	objects = {

/* Begin PBXBuildFile section */
		66C2CF1C0A32111CDB0217F7 /* libPods-CocoapodsStaticLibExample.a in Frameworks */ = {isa = PBXBuildFile; fileRef = 3396BF24EDBE4B4C5D35ECD2 /* libPods-CocoapodsStaticLibExample.a */; };
		A00110862B244D0600C7F8E5 /* AppDelegate.swift in Sources */ = {isa = PBXBuildFile; fileRef = A00110852B244D0600C7F8E5 /* AppDelegate.swift */; };
		A00110882B244D0600C7F8E5 /* SceneDelegate.swift in Sources */ = {isa = PBXBuildFile; fileRef = A00110872B244D0600C7F8E5 /* SceneDelegate.swift */; };
		A001108A2B244D0600C7F8E5 /* ViewController.swift in Sources */ = {isa = PBXBuildFile; fileRef = A00110892B244D0600C7F8E5 /* ViewController.swift */; };
		A001108D2B244D0600C7F8E5 /* Main.storyboard in Resources */ = {isa = PBXBuildFile; fileRef = A001108B2B244D0600C7F8E5 /* Main.storyboard */; };
		A001108F2B244D0700C7F8E5 /* Assets.xcassets in Resources */ = {isa = PBXBuildFile; fileRef = A001108E2B244D0700C7F8E5 /* Assets.xcassets */; };
		A00110922B244D0700C7F8E5 /* LaunchScreen.storyboard in Resources */ = {isa = PBXBuildFile; fileRef = A00110902B244D0700C7F8E5 /* LaunchScreen.storyboard */; };
/* End PBXBuildFile section */

/* Begin PBXFileReference section */
		3396BF24EDBE4B4C5D35ECD2 /* libPods-CocoapodsStaticLibExample.a */ = {isa = PBXFileReference; explicitFileType = archive.ar; includeInIndex = 0; path = "libPods-CocoapodsStaticLibExample.a"; sourceTree = BUILT_PRODUCTS_DIR; };
		562FB31853D31705C28F1336 /* Pods-CocoapodsStaticLibExample.release.xcconfig */ = {isa = PBXFileReference; includeInIndex = 1; lastKnownFileType = text.xcconfig; name = "Pods-CocoapodsStaticLibExample.release.xcconfig"; path = "Target Support Files/Pods-CocoapodsStaticLibExample/Pods-CocoapodsStaticLibExample.release.xcconfig"; sourceTree = "<group>"; };
		A00110822B244D0600C7F8E5 /* CocoapodsStaticLibExample.app */ = {isa = PBXFileReference; explicitFileType = wrapper.application; includeInIndex = 0; path = CocoapodsStaticLibExample.app; sourceTree = BUILT_PRODUCTS_DIR; };
		A00110852B244D0600C7F8E5 /* AppDelegate.swift */ = {isa = PBXFileReference; lastKnownFileType = sourcecode.swift; path = AppDelegate.swift; sourceTree = "<group>"; };
		A00110872B244D0600C7F8E5 /* SceneDelegate.swift */ = {isa = PBXFileReference; lastKnownFileType = sourcecode.swift; path = SceneDelegate.swift; sourceTree = "<group>"; };
		A00110892B244D0600C7F8E5 /* ViewController.swift */ = {isa = PBXFileReference; lastKnownFileType = sourcecode.swift; path = ViewController.swift; sourceTree = "<group>"; };
		A001108C2B244D0600C7F8E5 /* Base */ = {isa = PBXFileReference; lastKnownFileType = file.storyboard; name = Base; path = Base.lproj/Main.storyboard; sourceTree = "<group>"; };
		A001108E2B244D0700C7F8E5 /* Assets.xcassets */ = {isa = PBXFileReference; lastKnownFileType = folder.assetcatalog; path = Assets.xcassets; sourceTree = "<group>"; };
		A00110912B244D0700C7F8E5 /* Base */ = {isa = PBXFileReference; lastKnownFileType = file.storyboard; name = Base; path = Base.lproj/LaunchScreen.storyboard; sourceTree = "<group>"; };
		A00110932B244D0700C7F8E5 /* Info.plist */ = {isa = PBXFileReference; lastKnownFileType = text.plist.xml; path = Info.plist; sourceTree = "<group>"; };
		B0B80A49FF893E6A80487F27 /* Pods-CocoapodsStaticLibExample.debug.xcconfig */ = {isa = PBXFileReference; includeInIndex = 1; lastKnownFileType = text.xcconfig; name = "Pods-CocoapodsStaticLibExample.debug.xcconfig"; path = "Target Support Files/Pods-CocoapodsStaticLibExample/Pods-CocoapodsStaticLibExample.debug.xcconfig"; sourceTree = "<group>"; };
/* End PBXFileReference section */

/* Begin PBXFrameworksBuildPhase section */
		A001107F2B244D0600C7F8E5 /* Frameworks */ = {
			isa = PBXFrameworksBuildPhase;
			buildActionMask = 2147483647;
			files = (
				66C2CF1C0A32111CDB0217F7 /* libPods-CocoapodsStaticLibExample.a in Frameworks */,
			);
			runOnlyForDeploymentPostprocessing = 0;
		};
/* End PBXFrameworksBuildPhase section */

/* Begin PBXGroup section */
		729EAF1034EC30193D6D224C /* Pods */ = {
			isa = PBXGroup;
			children = (
				B0B80A49FF893E6A80487F27 /* Pods-CocoapodsStaticLibExample.debug.xcconfig */,
				562FB31853D31705C28F1336 /* Pods-CocoapodsStaticLibExample.release.xcconfig */,
			);
			path = Pods;
			sourceTree = "<group>";
		};
		A00110792B244D0600C7F8E5 = {
			isa = PBXGroup;
			children = (
				A00110842B244D0600C7F8E5 /* CocoapodsStaticLibExample */,
				A00110832B244D0600C7F8E5 /* Products */,
				729EAF1034EC30193D6D224C /* Pods */,
				D7D7E840EC732A986A85CF8D /* Frameworks */,
			);
			sourceTree = "<group>";
		};
		A00110832B244D0600C7F8E5 /* Products */ = {
			isa = PBXGroup;
			children = (
				A00110822B244D0600C7F8E5 /* CocoapodsStaticLibExample.app */,
			);
			name = Products;
			sourceTree = "<group>";
		};
		A00110842B244D0600C7F8E5 /* CocoapodsStaticLibExample */ = {
			isa = PBXGroup;
			children = (
				A00110852B244D0600C7F8E5 /* AppDelegate.swift */,
				A00110872B244D0600C7F8E5 /* SceneDelegate.swift */,
				A00110892B244D0600C7F8E5 /* ViewController.swift */,
				A001108B2B244D0600C7F8E5 /* Main.storyboard */,
				A001108E2B244D0700C7F8E5 /* Assets.xcassets */,
				A00110902B244D0700C7F8E5 /* LaunchScreen.storyboard */,
				A00110932B244D0700C7F8E5 /* Info.plist */,
			);
			path = CocoapodsStaticLibExample;
			sourceTree = "<group>";
		};
		D7D7E840EC732A986A85CF8D /* Frameworks */ = {
			isa = PBXGroup;
			children = (
				3396BF24EDBE4B4C5D35ECD2 /* libPods-CocoapodsStaticLibExample.a */,
			);
			name = Frameworks;
			sourceTree = "<group>";
		};
/* End PBXGroup section */

/* Begin PBXNativeTarget section */
		A00110812B244D0600C7F8E5 /* CocoapodsStaticLibExample */ = {
			isa = PBXNativeTarget;
			buildConfigurationList = A00110962B244D0700C7F8E5 /* Build configuration list for PBXNativeTarget "CocoapodsStaticLibExample" */;
			buildPhases = (
				970FEA4A5ED1698A2C2D9869 /* [CP] Check Pods Manifest.lock */,
				A001107E2B244D0600C7F8E5 /* Sources */,
				A001107F2B244D0600C7F8E5 /* Frameworks */,
				A00110802B244D0600C7F8E5 /* Resources */,
			);
			buildRules = (
			);
			dependencies = (
			);
			name = CocoapodsStaticLibExample;
			productName = CocoapodsStaticLibExample;
			productReference = A00110822B244D0600C7F8E5 /* CocoapodsStaticLibExample.app */;
			productType = "com.apple.product-type.application";
		};
/* End PBXNativeTarget section */

/* Begin PBXProject section */
		A001107A2B244D0600C7F8E5 /* Project object */ = {
			isa = PBXProject;
			attributes = {
				BuildIndependentTargetsInParallel = 1;
				LastSwiftUpdateCheck = 1430;
				LastUpgradeCheck = 1430;
				TargetAttributes = {
					A00110812B244D0600C7F8E5 = {
						CreatedOnToolsVersion = 14.3.1;
					};
				};
			};
			buildConfigurationList = A001107D2B244D0600C7F8E5 /* Build configuration list for PBXProject "CocoapodsStaticLibExample" */;
			compatibilityVersion = "Xcode 14.0";
			developmentRegion = en;
			hasScannedForEncodings = 0;
			knownRegions = (
				en,
				Base,
			);
			mainGroup = A00110792B244D0600C7F8E5;
			productRefGroup = A00110832B244D0600C7F8E5 /* Products */;
			projectDirPath = "";
			projectRoot = "";
			targets = (
				A00110812B244D0600C7F8E5 /* CocoapodsStaticLibExample */,
			);
		};
/* End PBXProject section */

/* Begin PBXResourcesBuildPhase section */
		A00110802B244D0600C7F8E5 /* Resources */ = {
			isa = PBXResourcesBuildPhase;
			buildActionMask = 2147483647;
			files = (
				A00110922B244D0700C7F8E5 /* LaunchScreen.storyboard in Resources */,
				A001108F2B244D0700C7F8E5 /* Assets.xcassets in Resources */,
				A001108D2B244D0600C7F8E5 /* Main.storyboard in Resources */,
			);
			runOnlyForDeploymentPostprocessing = 0;
		};
/* End PBXResourcesBuildPhase section */

/* Begin PBXShellScriptBuildPhase section */
		970FEA4A5ED1698A2C2D9869 /* [CP] Check Pods Manifest.lock */ = {
			isa = PBXShellScriptBuildPhase;
			buildActionMask = 2147483647;
			files = (
			);
			inputFileListPaths = (
			);
			inputPaths = (
				"${PODS_PODFILE_DIR_PATH}/Podfile.lock",
				"${PODS_ROOT}/Manifest.lock",
			);
			name = "[CP] Check Pods Manifest.lock";
			outputFileListPaths = (
			);
			outputPaths = (
				"$(DERIVED_FILE_DIR)/Pods-CocoapodsStaticLibExample-checkManifestLockResult.txt",
			);
			runOnlyForDeploymentPostprocessing = 0;
			shellPath = /bin/sh;
			shellScript = "diff \"${PODS_PODFILE_DIR_PATH}/Podfile.lock\" \"${PODS_ROOT}/Manifest.lock\" > /dev/null\nif [ $? != 0 ] ; then\n    # print error to STDERR\n    echo \"error: The sandbox is not in sync with the Podfile.lock. Run 'pod install' or update your CocoaPods installation.\" >&2\n    exit 1\nfi\n# This output is used by Xcode 'outputs' to avoid re-running this script phase.\necho \"SUCCESS\" > \"${SCRIPT_OUTPUT_FILE_0}\"\n";
			showEnvVarsInLog = 0;
		};
/* End PBXShellScriptBuildPhase section */

/* Begin PBXSourcesBuildPhase section */
		A001107E2B244D0600C7F8E5 /* Sources */ = {
			isa = PBXSourcesBuildPhase;
			buildActionMask = 2147483647;
			files = (
				A001108A2B244D0600C7F8E5 /* ViewController.swift in Sources */,
				A00110862B244D0600C7F8E5 /* AppDelegate.swift in Sources */,
				A00110882B244D0600C7F8E5 /* SceneDelegate.swift in Sources */,
			);
			runOnlyForDeploymentPostprocessing = 0;
		};
/* End PBXSourcesBuildPhase section */

/* Begin PBXVariantGroup section */
		A001108B2B244D0600C7F8E5 /* Main.storyboard */ = {
			isa = PBXVariantGroup;
			children = (
				A001108C2B244D0600C7F8E5 /* Base */,
			);
			name = Main.storyboard;
			sourceTree = "<group>";
		};
		A00110902B244D0700C7F8E5 /* LaunchScreen.storyboard */ = {
			isa = PBXVariantGroup;
			children = (
				A00110912B244D0700C7F8E5 /* Base */,
			);
			name = LaunchScreen.storyboard;
			sourceTree = "<group>";
		};
/* End PBXVariantGroup section */

/* Begin XCBuildConfiguration section */
		A00110942B244D0700C7F8E5 /* Debug */ = {
			isa = XCBuildConfiguration;
			buildSettings = {
				ALWAYS_SEARCH_USER_PATHS = NO;
				CLANG_ANALYZER_NONNULL = YES;
				CLANG_ANALYZER_NUMBER_OBJECT_CONVERSION = YES_AGGRESSIVE;
				CLANG_CXX_LANGUAGE_STANDARD = "gnu++20";
				CLANG_ENABLE_MODULES = YES;
				CLANG_ENABLE_OBJC_ARC = YES;
				CLANG_ENABLE_OBJC_WEAK = YES;
				CLANG_WARN_BLOCK_CAPTURE_AUTORELEASING = YES;
				CLANG_WARN_BOOL_CONVERSION = YES;
				CLANG_WARN_COMMA = YES;
				CLANG_WARN_CONSTANT_CONVERSION = YES;
				CLANG_WARN_DEPRECATED_OBJC_IMPLEMENTATIONS = YES;
				CLANG_WARN_DIRECT_OBJC_ISA_USAGE = YES_ERROR;
				CLANG_WARN_DOCUMENTATION_COMMENTS = YES;
				CLANG_WARN_EMPTY_BODY = YES;
				CLANG_WARN_ENUM_CONVERSION = YES;
				CLANG_WARN_INFINITE_RECURSION = YES;
				CLANG_WARN_INT_CONVERSION = YES;
				CLANG_WARN_NON_LITERAL_NULL_CONVERSION = YES;
				CLANG_WARN_OBJC_IMPLICIT_RETAIN_SELF = YES;
				CLANG_WARN_OBJC_LITERAL_CONVERSION = YES;
				CLANG_WARN_OBJC_ROOT_CLASS = YES_ERROR;
				CLANG_WARN_QUOTED_INCLUDE_IN_FRAMEWORK_HEADER = YES;
				CLANG_WARN_RANGE_LOOP_ANALYSIS = YES;
				CLANG_WARN_STRICT_PROTOTYPES = YES;
				CLANG_WARN_SUSPICIOUS_MOVE = YES;
				CLANG_WARN_UNGUARDED_AVAILABILITY = YES_AGGRESSIVE;
				CLANG_WARN_UNREACHABLE_CODE = YES;
				CLANG_WARN__DUPLICATE_METHOD_MATCH = YES;
				COPY_PHASE_STRIP = NO;
				DEBUG_INFORMATION_FORMAT = dwarf;
				ENABLE_STRICT_OBJC_MSGSEND = YES;
				ENABLE_TESTABILITY = YES;
				GCC_C_LANGUAGE_STANDARD = gnu11;
				GCC_DYNAMIC_NO_PIC = NO;
				GCC_NO_COMMON_BLOCKS = YES;
				GCC_OPTIMIZATION_LEVEL = 0;
				GCC_PREPROCESSOR_DEFINITIONS = (
					"DEBUG=1",
					"$(inherited)",
				);
				GCC_WARN_64_TO_32_BIT_CONVERSION = YES;
				GCC_WARN_ABOUT_RETURN_TYPE = YES_ERROR;
				GCC_WARN_UNDECLARED_SELECTOR = YES;
				GCC_WARN_UNINITIALIZED_AUTOS = YES_AGGRESSIVE;
				GCC_WARN_UNUSED_FUNCTION = YES;
				GCC_WARN_UNUSED_VARIABLE = YES;
				IPHONEOS_DEPLOYMENT_TARGET = 13.0;
				MTL_ENABLE_DEBUG_INFO = INCLUDE_SOURCE;
				MTL_FAST_MATH = YES;
				ONLY_ACTIVE_ARCH = YES;
				SDKROOT = iphoneos;
				SWIFT_ACTIVE_COMPILATION_CONDITIONS = DEBUG;
				SWIFT_OPTIMIZATION_LEVEL = "-Onone";
			};
			name = Debug;
		};
		A00110952B244D0700C7F8E5 /* Release */ = {
			isa = XCBuildConfiguration;
			buildSettings = {
				ALWAYS_SEARCH_USER_PATHS = NO;
				CLANG_ANALYZER_NONNULL = YES;
				CLANG_ANALYZER_NUMBER_OBJECT_CONVERSION = YES_AGGRESSIVE;
				CLANG_CXX_LANGUAGE_STANDARD = "gnu++20";
				CLANG_ENABLE_MODULES = YES;
				CLANG_ENABLE_OBJC_ARC = YES;
				CLANG_ENABLE_OBJC_WEAK = YES;
				CLANG_WARN_BLOCK_CAPTURE_AUTORELEASING = YES;
				CLANG_WARN_BOOL_CONVERSION = YES;
				CLANG_WARN_COMMA = YES;
				CLANG_WARN_CONSTANT_CONVERSION = YES;
				CLANG_WARN_DEPRECATED_OBJC_IMPLEMENTATIONS = YES;
				CLANG_WARN_DIRECT_OBJC_ISA_USAGE = YES_ERROR;
				CLANG_WARN_DOCUMENTATION_COMMENTS = YES;
				CLANG_WARN_EMPTY_BODY = YES;
				CLANG_WARN_ENUM_CONVERSION = YES;
				CLANG_WARN_INFINITE_RECURSION = YES;
				CLANG_WARN_INT_CONVERSION = YES;
				CLANG_WARN_NON_LITERAL_NULL_CONVERSION = YES;
				CLANG_WARN_OBJC_IMPLICIT_RETAIN_SELF = YES;
				CLANG_WARN_OBJC_LITERAL_CONVERSION = YES;
				CLANG_WARN_OBJC_ROOT_CLASS = YES_ERROR;
				CLANG_WARN_QUOTED_INCLUDE_IN_FRAMEWORK_HEADER = YES;
				CLANG_WARN_RANGE_LOOP_ANALYSIS = YES;
				CLANG_WARN_STRICT_PROTOTYPES = YES;
				CLANG_WARN_SUSPICIOUS_MOVE = YES;
				CLANG_WARN_UNGUARDED_AVAILABILITY = YES_AGGRESSIVE;
				CLANG_WARN_UNREACHABLE_CODE = YES;
				CLANG_WARN__DUPLICATE_METHOD_MATCH = YES;
				COPY_PHASE_STRIP = NO;
				DEBUG_INFORMATION_FORMAT = "dwarf-with-dsym";
				ENABLE_NS_ASSERTIONS = NO;
				ENABLE_STRICT_OBJC_MSGSEND = YES;
				GCC_C_LANGUAGE_STANDARD = gnu11;
				GCC_NO_COMMON_BLOCKS = YES;
				GCC_WARN_64_TO_32_BIT_CONVERSION = YES;
				GCC_WARN_ABOUT_RETURN_TYPE = YES_ERROR;
				GCC_WARN_UNDECLARED_SELECTOR = YES;
				GCC_WARN_UNINITIALIZED_AUTOS = YES_AGGRESSIVE;
				GCC_WARN_UNUSED_FUNCTION = YES;
				GCC_WARN_UNUSED_VARIABLE = YES;
				IPHONEOS_DEPLOYMENT_TARGET = 13.0;
				MTL_ENABLE_DEBUG_INFO = NO;
				MTL_FAST_MATH = YES;
				SDKROOT = iphoneos;
				SWIFT_COMPILATION_MODE = wholemodule;
				SWIFT_OPTIMIZATION_LEVEL = "-O";
				VALIDATE_PRODUCT = YES;
			};
			name = Release;
		};
		A00110972B244D0700C7F8E5 /* Debug */ = {
			isa = XCBuildConfiguration;
			baseConfigurationReference = B0B80A49FF893E6A80487F27 /* Pods-CocoapodsStaticLibExample.debug.xcconfig */;
			buildSettings = {
				ASSETCATALOG_COMPILER_APPICON_NAME = AppIcon;
				ASSETCATALOG_COMPILER_GLOBAL_ACCENT_COLOR_NAME = AccentColor;
				CODE_SIGN_STYLE = Automatic;
				CURRENT_PROJECT_VERSION = 1;
				DEVELOPMENT_TEAM = ZQ7TZ3Q272;
				GENERATE_INFOPLIST_FILE = YES;
				INFOPLIST_FILE = CocoapodsStaticLibExample/Info.plist;
				INFOPLIST_KEY_UIApplicationSupportsIndirectInputEvents = YES;
				INFOPLIST_KEY_UILaunchStoryboardName = LaunchScreen;
				INFOPLIST_KEY_UIMainStoryboardFile = Main;
				INFOPLIST_KEY_UISupportedInterfaceOrientations_iPad = "UIInterfaceOrientationPortrait UIInterfaceOrientationPortraitUpsideDown UIInterfaceOrientationLandscapeLeft UIInterfaceOrientationLandscapeRight";
				INFOPLIST_KEY_UISupportedInterfaceOrientations_iPhone = "UIInterfaceOrientationPortrait UIInterfaceOrientationLandscapeLeft UIInterfaceOrientationLandscapeRight";
				LD_RUNPATH_SEARCH_PATHS = (
					"$(inherited)",
					"@executable_path/Frameworks",
				);
				MARKETING_VERSION = 1.0;
				PRODUCT_BUNDLE_IDENTIFIER = com.yanni.CocoapodsStaticLibExample;
				PRODUCT_NAME = "$(TARGET_NAME)";
				SWIFT_EMIT_LOC_STRINGS = YES;
				SWIFT_VERSION = 5.0;
				TARGETED_DEVICE_FAMILY = "1,2";
			};
			name = Debug;
		};
		A00110982B244D0700C7F8E5 /* Release */ = {
			isa = XCBuildConfiguration;
			baseConfigurationReference = 562FB31853D31705C28F1336 /* Pods-CocoapodsStaticLibExample.release.xcconfig */;
			buildSettings = {
				ASSETCATALOG_COMPILER_APPICON_NAME = AppIcon;
				ASSETCATALOG_COMPILER_GLOBAL_ACCENT_COLOR_NAME = AccentColor;
				CODE_SIGN_STYLE = Automatic;
				CURRENT_PROJECT_VERSION = 1;
				DEVELOPMENT_TEAM = ZQ7TZ3Q272;
				GENERATE_INFOPLIST_FILE = YES;
				INFOPLIST_FILE = CocoapodsStaticLibExample/Info.plist;
				INFOPLIST_KEY_UIApplicationSupportsIndirectInputEvents = YES;
				INFOPLIST_KEY_UILaunchStoryboardName = LaunchScreen;
				INFOPLIST_KEY_UIMainStoryboardFile = Main;
				INFOPLIST_KEY_UISupportedInterfaceOrientations_iPad = "UIInterfaceOrientationPortrait UIInterfaceOrientationPortraitUpsideDown UIInterfaceOrientationLandscapeLeft UIInterfaceOrientationLandscapeRight";
				INFOPLIST_KEY_UISupportedInterfaceOrientations_iPhone = "UIInterfaceOrientationPortrait UIInterfaceOrientationLandscapeLeft UIInterfaceOrientationLandscapeRight";
				LD_RUNPATH_SEARCH_PATHS = (
					"$(inherited)",
					"@executable_path/Frameworks",
				);
				MARKETING_VERSION = 1.0;
				PRODUCT_BUNDLE_IDENTIFIER = com.yanni.CocoapodsStaticLibExample;
				PRODUCT_NAME = "$(TARGET_NAME)";
				SWIFT_EMIT_LOC_STRINGS = YES;
				SWIFT_VERSION = 5.0;
				TARGETED_DEVICE_FAMILY = "1,2";
			};
			name = Release;
		};
/* End XCBuildConfiguration section */

/* Begin XCConfigurationList section */
		A001107D2B244D0600C7F8E5 /* Build configuration list for PBXProject "CocoapodsStaticLibExample" */ = {
			isa = XCConfigurationList;
			buildConfigurations = (
				A00110942B244D0700C7F8E5 /* Debug */,
				A00110952B244D0700C7F8E5 /* Release */,
			);
			defaultConfigurationIsVisible = 0;
			defaultConfigurationName = Release;
		};
		A00110962B244D0700C7F8E5 /* Build configuration list for PBXNativeTarget "CocoapodsStaticLibExample" */ = {
			isa = XCConfigurationList;
			buildConfigurations = (
				A00110972B244D0700C7F8E5 /* Debug */,
				A00110982B244D0700C7F8E5 /* Release */,
			);
			defaultConfigurationIsVisible = 0;
			defaultConfigurationName = Release;
		};
/* End XCConfigurationList section */
	};
	rootObject = A001107A2B244D0600C7F8E5 /* Project object */;
}
