// !$*UTF8*$!
{
	archiveVersion = 1;
	classes = {
	};
	objectVersion = 60;
	objects = {

/* Begin PBXBuildFile section */
		A050D01C2B275F3A005E05A4 /* AppDelegate.swift in Sources */ = {isa = PBXBuildFile; fileRef = A050D01B2B275F3A005E05A4 /* AppDelegate.swift */; };
		A050D01E2B275F3A005E05A4 /* SceneDelegate.swift in Sources */ = {isa = PBXBuildFile; fileRef = A050D01D2B275F3A005E05A4 /* SceneDelegate.swift */; };
		A050D0202B275F3A005E05A4 /* ViewController.swift in Sources */ = {isa = PBXBuildFile; fileRef = A050D01F2B275F3A005E05A4 /* ViewController.swift */; };
		A050D0232B275F3A005E05A4 /* Main.storyboard in Resources */ = {isa = PBXBuildFile; fileRef = A050D0212B275F3A005E05A4 /* Main.storyboard */; };
		A050D0252B275F3B005E05A4 /* Assets.xcassets in Resources */ = {isa = PBXBuildFile; fileRef = A050D0242B275F3B005E05A4 /* Assets.xcassets */; };
		A050D0282B275F3B005E05A4 /* LaunchScreen.storyboard in Resources */ = {isa = PBXBuildFile; fileRef = A050D0262B275F3B005E05A4 /* LaunchScreen.storyboard */; };
		A050D0352B276267005E05A4 /* SwiftHook in Frameworks */ = {isa = PBXBuildFile; productRef = A050D0342B276267005E05A4 /* SwiftHook */; };
		A08122742B34781900E1A764 /* SwiftHook in Frameworks */ = {isa = PBXBuildFile; productRef = A08122732B34781900E1A764 /* SwiftHook */; };
		A08122772B34789400E1A764 /* SwiftHook in Frameworks */ = {isa = PBXBuildFile; productRef = A08122762B34789400E1A764 /* SwiftHook */; };
		A081227A2B347A2C00E1A764 /* SwiftHook in Frameworks */ = {isa = PBXBuildFile; productRef = A08122792B347A2C00E1A764 /* SwiftHook */; };
		A0D805D02B3334DF0068D5E9 /* libffi-iOS in Frameworks */ = {isa = PBXBuildFile; productRef = A0D805CF2B3334DF0068D5E9 /* libffi-iOS */; };
		A0D805D42B3337AF0068D5E9 /* SwiftHook in Frameworks */ = {isa = PBXBuildFile; productRef = A0D805D32B3337AF0068D5E9 /* SwiftHook */; };
		A0D805D72B3338450068D5E9 /* SwiftHook in Frameworks */ = {isa = PBXBuildFile; productRef = A0D805D62B3338450068D5E9 /* SwiftHook */; };
		A0D805DA2B3339510068D5E9 /* SwiftHook in Frameworks */ = {isa = PBXBuildFile; productRef = A0D805D92B3339510068D5E9 /* SwiftHook */; };
		A0D805DE2B333AA40068D5E9 /* SwiftHook in Frameworks */ = {isa = PBXBuildFile; productRef = A0D805DD2B333AA40068D5E9 /* SwiftHook */; };
/* End PBXBuildFile section */

/* Begin PBXFileReference section */
		A050D0182B275F3A005E05A4 /* SPMExample.app */ = {isa = PBXFileReference; explicitFileType = wrapper.application; includeInIndex = 0; path = SPMExample.app; sourceTree = BUILT_PRODUCTS_DIR; };
		A050D01B2B275F3A005E05A4 /* AppDelegate.swift */ = {isa = PBXFileReference; lastKnownFileType = sourcecode.swift; path = AppDelegate.swift; sourceTree = "<group>"; };
		A050D01D2B275F3A005E05A4 /* SceneDelegate.swift */ = {isa = PBXFileReference; lastKnownFileType = sourcecode.swift; path = SceneDelegate.swift; sourceTree = "<group>"; };
		A050D01F2B275F3A005E05A4 /* ViewController.swift */ = {isa = PBXFileReference; lastKnownFileType = sourcecode.swift; path = ViewController.swift; sourceTree = "<group>"; };
		A050D0222B275F3A005E05A4 /* Base */ = {isa = PBXFileReference; lastKnownFileType = file.storyboard; name = Base; path = Base.lproj/Main.storyboard; sourceTree = "<group>"; };
		A050D0242B275F3B005E05A4 /* Assets.xcassets */ = {isa = PBXFileReference; lastKnownFileType = folder.assetcatalog; path = Assets.xcassets; sourceTree = "<group>"; };
		A050D0272B275F3B005E05A4 /* Base */ = {isa = PBXFileReference; lastKnownFileType = file.storyboard; name = Base; path = Base.lproj/LaunchScreen.storyboard; sourceTree = "<group>"; };
		A050D0292B275F3B005E05A4 /* Info.plist */ = {isa = PBXFileReference; lastKnownFileType = text.plist.xml; path = Info.plist; sourceTree = "<group>"; };
/* End PBXFileReference section */

/* Begin PBXFrameworksBuildPhase section */
		A050D0152B275F3A005E05A4 /* Frameworks */ = {
			isa = PBXFrameworksBuildPhase;
			buildActionMask = 2147483647;
			files = (
				A08122742B34781900E1A764 /* SwiftHook in Frameworks */,
				A0D805D02B3334DF0068D5E9 /* libffi-iOS in Frameworks */,
				A050D0352B276267005E05A4 /* SwiftHook in Frameworks */,
				A0D805D42B3337AF0068D5E9 /* SwiftHook in Frameworks */,
				A0D805D72B3338450068D5E9 /* SwiftHook in Frameworks */,
				A0D805DA2B3339510068D5E9 /* SwiftHook in Frameworks */,
				A0D805DE2B333AA40068D5E9 /* SwiftHook in Frameworks */,
				A08122772B34789400E1A764 /* SwiftHook in Frameworks */,
				A081227A2B347A2C00E1A764 /* SwiftHook in Frameworks */,
			);
			runOnlyForDeploymentPostprocessing = 0;
		};
/* End PBXFrameworksBuildPhase section */

/* Begin PBXGroup section */
		A050D00F2B275F3A005E05A4 = {
			isa = PBXGroup;
			children = (
				A050D02F2B275F60005E05A4 /* Packages */,
				A050D01A2B275F3A005E05A4 /* SPMExample */,
				A050D0192B275F3A005E05A4 /* Products */,
				A050D0312B275FAE005E05A4 /* Frameworks */,
			);
			sourceTree = "<group>";
		};
		A050D0192B275F3A005E05A4 /* Products */ = {
			isa = PBXGroup;
			children = (
				A050D0182B275F3A005E05A4 /* SPMExample.app */,
			);
			name = Products;
			sourceTree = "<group>";
		};
		A050D01A2B275F3A005E05A4 /* SPMExample */ = {
			isa = PBXGroup;
			children = (
				A050D01B2B275F3A005E05A4 /* AppDelegate.swift */,
				A050D01D2B275F3A005E05A4 /* SceneDelegate.swift */,
				A050D01F2B275F3A005E05A4 /* ViewController.swift */,
				A050D0212B275F3A005E05A4 /* Main.storyboard */,
				A050D0242B275F3B005E05A4 /* Assets.xcassets */,
				A050D0262B275F3B005E05A4 /* LaunchScreen.storyboard */,
				A050D0292B275F3B005E05A4 /* Info.plist */,
			);
			path = SPMExample;
			sourceTree = "<group>";
		};
		A050D02F2B275F60005E05A4 /* Packages */ = {
			isa = PBXGroup;
			children = (
			);
			name = Packages;
			sourceTree = "<group>";
		};
		A050D0312B275FAE005E05A4 /* Frameworks */ = {
			isa = PBXGroup;
			children = (
			);
			name = Frameworks;
			sourceTree = "<group>";
		};
/* End PBXGroup section */

/* Begin PBXNativeTarget section */
		A050D0172B275F3A005E05A4 /* SPMExample */ = {
			isa = PBXNativeTarget;
			buildConfigurationList = A050D02C2B275F3B005E05A4 /* Build configuration list for PBXNativeTarget "SPMExample" */;
			buildPhases = (
				A050D0142B275F3A005E05A4 /* Sources */,
				A050D0152B275F3A005E05A4 /* Frameworks */,
				A050D0162B275F3A005E05A4 /* Resources */,
			);
			buildRules = (
			);
			dependencies = (
			);
			name = SPMExample;
			packageProductDependencies = (
				A050D0342B276267005E05A4 /* SwiftHook */,
				A0D805CF2B3334DF0068D5E9 /* libffi-iOS */,
				A0D805D32B3337AF0068D5E9 /* SwiftHook */,
				A0D805D62B3338450068D5E9 /* SwiftHook */,
				A0D805D92B3339510068D5E9 /* SwiftHook */,
				A0D805DD2B333AA40068D5E9 /* SwiftHook */,
				A08122732B34781900E1A764 /* SwiftHook */,
				A08122762B34789400E1A764 /* SwiftHook */,
				A08122792B347A2C00E1A764 /* SwiftHook */,
			);
			productName = SPMExample;
			productReference = A050D0182B275F3A005E05A4 /* SPMExample.app */;
			productType = "com.apple.product-type.application";
		};
/* End PBXNativeTarget section */

/* Begin PBXProject section */
		A050D0102B275F3A005E05A4 /* Project object */ = {
			isa = PBXProject;
			attributes = {
				BuildIndependentTargetsInParallel = 1;
				LastSwiftUpdateCheck = 1430;
				LastUpgradeCheck = 1430;
				TargetAttributes = {
					A050D0172B275F3A005E05A4 = {
						CreatedOnToolsVersion = 14.3.1;
					};
				};
			};
			buildConfigurationList = A050D0132B275F3A005E05A4 /* Build configuration list for PBXProject "SPMExample" */;
			compatibilityVersion = "Xcode 14.0";
			developmentRegion = en;
			hasScannedForEncodings = 0;
			knownRegions = (
				en,
				Base,
			);
			mainGroup = A050D00F2B275F3A005E05A4;
			packageReferences = (
				A08122782B347A2C00E1A764 /* XCLocalSwiftPackageReference "../.." */,
			);
			productRefGroup = A050D0192B275F3A005E05A4 /* Products */;
			projectDirPath = "";
			projectRoot = "";
			targets = (
				A050D0172B275F3A005E05A4 /* SPMExample */,
			);
		};
/* End PBXProject section */

/* Begin PBXResourcesBuildPhase section */
		A050D0162B275F3A005E05A4 /* Resources */ = {
			isa = PBXResourcesBuildPhase;
			buildActionMask = 2147483647;
			files = (
				A050D0282B275F3B005E05A4 /* LaunchScreen.storyboard in Resources */,
				A050D0252B275F3B005E05A4 /* Assets.xcassets in Resources */,
				A050D0232B275F3A005E05A4 /* Main.storyboard in Resources */,
			);
			runOnlyForDeploymentPostprocessing = 0;
		};
/* End PBXResourcesBuildPhase section */

/* Begin PBXSourcesBuildPhase section */
		A050D0142B275F3A005E05A4 /* Sources */ = {
			isa = PBXSourcesBuildPhase;
			buildActionMask = 2147483647;
			files = (
				A050D0202B275F3A005E05A4 /* ViewController.swift in Sources */,
				A050D01C2B275F3A005E05A4 /* AppDelegate.swift in Sources */,
				A050D01E2B275F3A005E05A4 /* SceneDelegate.swift in Sources */,
			);
			runOnlyForDeploymentPostprocessing = 0;
		};
/* End PBXSourcesBuildPhase section */

/* Begin PBXVariantGroup section */
		A050D0212B275F3A005E05A4 /* Main.storyboard */ = {
			isa = PBXVariantGroup;
			children = (
				A050D0222B275F3A005E05A4 /* Base */,
			);
			name = Main.storyboard;
			sourceTree = "<group>";
		};
		A050D0262B275F3B005E05A4 /* LaunchScreen.storyboard */ = {
			isa = PBXVariantGroup;
			children = (
				A050D0272B275F3B005E05A4 /* Base */,
			);
			name = LaunchScreen.storyboard;
			sourceTree = "<group>";
		};
/* End PBXVariantGroup section */

/* Begin XCBuildConfiguration section */
		A050D02A2B275F3B005E05A4 /* Debug */ = {
			isa = XCBuildConfiguration;
			buildSettings = {
				ALWAYS_SEARCH_USER_PATHS = NO;
				CLANG_ANALYZER_NONNULL = YES;
				CLANG_ANALYZER_NUMBER_OBJECT_CONVERSION = YES_AGGRESSIVE;
				CLANG_CXX_LANGUAGE_STANDARD = "gnu++20";
				CLANG_ENABLE_MODULES = YES;
				CLANG_ENABLE_OBJC_ARC = YES;
				CLANG_ENABLE_OBJC_WEAK = YES;
				CLANG_WARN_BLOCK_CAPTURE_AUTORELEASING = YES;
				CLANG_WARN_BOOL_CONVERSION = YES;
				CLANG_WARN_COMMA = YES;
				CLANG_WARN_CONSTANT_CONVERSION = YES;
				CLANG_WARN_DEPRECATED_OBJC_IMPLEMENTATIONS = YES;
				CLANG_WARN_DIRECT_OBJC_ISA_USAGE = YES_ERROR;
				CLANG_WARN_DOCUMENTATION_COMMENTS = YES;
				CLANG_WARN_EMPTY_BODY = YES;
				CLANG_WARN_ENUM_CONVERSION = YES;
				CLANG_WARN_INFINITE_RECURSION = YES;
				CLANG_WARN_INT_CONVERSION = YES;
				CLANG_WARN_NON_LITERAL_NULL_CONVERSION = YES;
				CLANG_WARN_OBJC_IMPLICIT_RETAIN_SELF = YES;
				CLANG_WARN_OBJC_LITERAL_CONVERSION = YES;
				CLANG_WARN_OBJC_ROOT_CLASS = YES_ERROR;
				CLANG_WARN_QUOTED_INCLUDE_IN_FRAMEWORK_HEADER = YES;
				CLANG_WARN_RANGE_LOOP_ANALYSIS = YES;
				CLANG_WARN_STRICT_PROTOTYPES = YES;
				CLANG_WARN_SUSPICIOUS_MOVE = YES;
				CLANG_WARN_UNGUARDED_AVAILABILITY = YES_AGGRESSIVE;
				CLANG_WARN_UNREACHABLE_CODE = YES;
				CLANG_WARN__DUPLICATE_METHOD_MATCH = YES;
				COPY_PHASE_STRIP = NO;
				DEBUG_INFORMATION_FORMAT = dwarf;
				ENABLE_STRICT_OBJC_MSGSEND = YES;
				ENABLE_TESTABILITY = YES;
				GCC_C_LANGUAGE_STANDARD = gnu11;
				GCC_DYNAMIC_NO_PIC = NO;
				GCC_NO_COMMON_BLOCKS = YES;
				GCC_OPTIMIZATION_LEVEL = 0;
				GCC_PREPROCESSOR_DEFINITIONS = (
					"DEBUG=1",
					"$(inherited)",
				);
				GCC_WARN_64_TO_32_BIT_CONVERSION = YES;
				GCC_WARN_ABOUT_RETURN_TYPE = YES_ERROR;
				GCC_WARN_UNDECLARED_SELECTOR = YES;
				GCC_WARN_UNINITIALIZED_AUTOS = YES_AGGRESSIVE;
				GCC_WARN_UNUSED_FUNCTION = YES;
				GCC_WARN_UNUSED_VARIABLE = YES;
				IPHONEOS_DEPLOYMENT_TARGET = 13.0;
				MTL_ENABLE_DEBUG_INFO = INCLUDE_SOURCE;
				MTL_FAST_MATH = YES;
				ONLY_ACTIVE_ARCH = YES;
				SDKROOT = iphoneos;
				SWIFT_ACTIVE_COMPILATION_CONDITIONS = DEBUG;
				SWIFT_OPTIMIZATION_LEVEL = "-Onone";
			};
			name = Debug;
		};
		A050D02B2B275F3B005E05A4 /* Release */ = {
			isa = XCBuildConfiguration;
			buildSettings = {
				ALWAYS_SEARCH_USER_PATHS = NO;
				CLANG_ANALYZER_NONNULL = YES;
				CLANG_ANALYZER_NUMBER_OBJECT_CONVERSION = YES_AGGRESSIVE;
				CLANG_CXX_LANGUAGE_STANDARD = "gnu++20";
				CLANG_ENABLE_MODULES = YES;
				CLANG_ENABLE_OBJC_ARC = YES;
				CLANG_ENABLE_OBJC_WEAK = YES;
				CLANG_WARN_BLOCK_CAPTURE_AUTORELEASING = YES;
				CLANG_WARN_BOOL_CONVERSION = YES;
				CLANG_WARN_COMMA = YES;
				CLANG_WARN_CONSTANT_CONVERSION = YES;
				CLANG_WARN_DEPRECATED_OBJC_IMPLEMENTATIONS = YES;
				CLANG_WARN_DIRECT_OBJC_ISA_USAGE = YES_ERROR;
				CLANG_WARN_DOCUMENTATION_COMMENTS = YES;
				CLANG_WARN_EMPTY_BODY = YES;
				CLANG_WARN_ENUM_CONVERSION = YES;
				CLANG_WARN_INFINITE_RECURSION = YES;
				CLANG_WARN_INT_CONVERSION = YES;
				CLANG_WARN_NON_LITERAL_NULL_CONVERSION = YES;
				CLANG_WARN_OBJC_IMPLICIT_RETAIN_SELF = YES;
				CLANG_WARN_OBJC_LITERAL_CONVERSION = YES;
				CLANG_WARN_OBJC_ROOT_CLASS = YES_ERROR;
				CLANG_WARN_QUOTED_INCLUDE_IN_FRAMEWORK_HEADER = YES;
				CLANG_WARN_RANGE_LOOP_ANALYSIS = YES;
				CLANG_WARN_STRICT_PROTOTYPES = YES;
				CLANG_WARN_SUSPICIOUS_MOVE = YES;
				CLANG_WARN_UNGUARDED_AVAILABILITY = YES_AGGRESSIVE;
				CLANG_WARN_UNREACHABLE_CODE = YES;
				CLANG_WARN__DUPLICATE_METHOD_MATCH = YES;
				COPY_PHASE_STRIP = NO;
				DEBUG_INFORMATION_FORMAT = "dwarf-with-dsym";
				ENABLE_NS_ASSERTIONS = NO;
				ENABLE_STRICT_OBJC_MSGSEND = YES;
				GCC_C_LANGUAGE_STANDARD = gnu11;
				GCC_NO_COMMON_BLOCKS = YES;
				GCC_WARN_64_TO_32_BIT_CONVERSION = YES;
				GCC_WARN_ABOUT_RETURN_TYPE = YES_ERROR;
				GCC_WARN_UNDECLARED_SELECTOR = YES;
				GCC_WARN_UNINITIALIZED_AUTOS = YES_AGGRESSIVE;
				GCC_WARN_UNUSED_FUNCTION = YES;
				GCC_WARN_UNUSED_VARIABLE = YES;
				IPHONEOS_DEPLOYMENT_TARGET = 13.0;
				MTL_ENABLE_DEBUG_INFO = NO;
				MTL_FAST_MATH = YES;
				SDKROOT = iphoneos;
				SWIFT_COMPILATION_MODE = wholemodule;
				SWIFT_OPTIMIZATION_LEVEL = "-O";
				VALIDATE_PRODUCT = YES;
			};
			name = Release;
		};
		A050D02D2B275F3B005E05A4 /* Debug */ = {
			isa = XCBuildConfiguration;
			buildSettings = {
				ASSETCATALOG_COMPILER_APPICON_NAME = AppIcon;
				ASSETCATALOG_COMPILER_GLOBAL_ACCENT_COLOR_NAME = AccentColor;
				CODE_SIGN_STYLE = Automatic;
				CURRENT_PROJECT_VERSION = 1;
				DEVELOPMENT_TEAM = ZQ7TZ3Q272;
				GENERATE_INFOPLIST_FILE = YES;
				INFOPLIST_FILE = SPMExample/Info.plist;
				INFOPLIST_KEY_UIApplicationSupportsIndirectInputEvents = YES;
				INFOPLIST_KEY_UILaunchStoryboardName = LaunchScreen;
				INFOPLIST_KEY_UIMainStoryboardFile = Main;
				INFOPLIST_KEY_UISupportedInterfaceOrientations_iPad = "UIInterfaceOrientationPortrait UIInterfaceOrientationPortraitUpsideDown UIInterfaceOrientationLandscapeLeft UIInterfaceOrientationLandscapeRight";
				INFOPLIST_KEY_UISupportedInterfaceOrientations_iPhone = "UIInterfaceOrientationPortrait UIInterfaceOrientationLandscapeLeft UIInterfaceOrientationLandscapeRight";
				LD_RUNPATH_SEARCH_PATHS = (
					"$(inherited)",
					"@executable_path/Frameworks",
				);
				MARKETING_VERSION = 1.0;
				PRODUCT_BUNDLE_IDENTIFIER = com.yanni.SPMExample;
				PRODUCT_NAME = "$(TARGET_NAME)";
				SWIFT_EMIT_LOC_STRINGS = YES;
				SWIFT_VERSION = 5.0;
				TARGETED_DEVICE_FAMILY = "1,2";
			};
			name = Debug;
		};
		A050D02E2B275F3B005E05A4 /* Release */ = {
			isa = XCBuildConfiguration;
			buildSettings = {
				ASSETCATALOG_COMPILER_APPICON_NAME = AppIcon;
				ASSETCATALOG_COMPILER_GLOBAL_ACCENT_COLOR_NAME = AccentColor;
				CODE_SIGN_STYLE = Automatic;
				CURRENT_PROJECT_VERSION = 1;
				DEVELOPMENT_TEAM = ZQ7TZ3Q272;
				GENERATE_INFOPLIST_FILE = YES;
				INFOPLIST_FILE = SPMExample/Info.plist;
				INFOPLIST_KEY_UIApplicationSupportsIndirectInputEvents = YES;
				INFOPLIST_KEY_UILaunchStoryboardName = LaunchScreen;
				INFOPLIST_KEY_UIMainStoryboardFile = Main;
				INFOPLIST_KEY_UISupportedInterfaceOrientations_iPad = "UIInterfaceOrientationPortrait UIInterfaceOrientationPortraitUpsideDown UIInterfaceOrientationLandscapeLeft UIInterfaceOrientationLandscapeRight";
				INFOPLIST_KEY_UISupportedInterfaceOrientations_iPhone = "UIInterfaceOrientationPortrait UIInterfaceOrientationLandscapeLeft UIInterfaceOrientationLandscapeRight";
				LD_RUNPATH_SEARCH_PATHS = (
					"$(inherited)",
					"@executable_path/Frameworks",
				);
				MARKETING_VERSION = 1.0;
				PRODUCT_BUNDLE_IDENTIFIER = com.yanni.SPMExample;
				PRODUCT_NAME = "$(TARGET_NAME)";
				SWIFT_EMIT_LOC_STRINGS = YES;
				SWIFT_VERSION = 5.0;
				TARGETED_DEVICE_FAMILY = "1,2";
			};
			name = Release;
		};
/* End XCBuildConfiguration section */

/* Begin XCConfigurationList section */
		A050D0132B275F3A005E05A4 /* Build configuration list for PBXProject "SPMExample" */ = {
			isa = XCConfigurationList;
			buildConfigurations = (
				A050D02A2B275F3B005E05A4 /* Debug */,
				A050D02B2B275F3B005E05A4 /* Release */,
			);
			defaultConfigurationIsVisible = 0;
			defaultConfigurationName = Release;
		};
		A050D02C2B275F3B005E05A4 /* Build configuration list for PBXNativeTarget "SPMExample" */ = {
			isa = XCConfigurationList;
			buildConfigurations = (
				A050D02D2B275F3B005E05A4 /* Debug */,
				A050D02E2B275F3B005E05A4 /* Release */,
			);
			defaultConfigurationIsVisible = 0;
			defaultConfigurationName = Release;
		};
/* End XCConfigurationList section */

/* Begin XCLocalSwiftPackageReference section */
		A08122782B347A2C00E1A764 /* XCLocalSwiftPackageReference "../.." */ = {
			isa = XCLocalSwiftPackageReference;
			relativePath = ../..;
		};
/* End XCLocalSwiftPackageReference section */

/* Begin XCSwiftPackageProductDependency section */
		A050D0342B276267005E05A4 /* SwiftHook */ = {
			isa = XCSwiftPackageProductDependency;
			productName = SwiftHook;
		};
		A08122732B34781900E1A764 /* SwiftHook */ = {
			isa = XCSwiftPackageProductDependency;
			productName = SwiftHook;
		};
		A08122762B34789400E1A764 /* SwiftHook */ = {
			isa = XCSwiftPackageProductDependency;
			productName = SwiftHook;
		};
		A08122792B347A2C00E1A764 /* SwiftHook */ = {
			isa = XCSwiftPackageProductDependency;
			productName = SwiftHook;
		};
		A0D805CF2B3334DF0068D5E9 /* libffi-iOS */ = {
			isa = XCSwiftPackageProductDependency;
			productName = "libffi-iOS";
		};
		A0D805D32B3337AF0068D5E9 /* SwiftHook */ = {
			isa = XCSwiftPackageProductDependency;
			productName = SwiftHook;
		};
		A0D805D62B3338450068D5E9 /* SwiftHook */ = {
			isa = XCSwiftPackageProductDependency;
			productName = SwiftHook;
		};
		A0D805D92B3339510068D5E9 /* SwiftHook */ = {
			isa = XCSwiftPackageProductDependency;
			productName = SwiftHook;
		};
		A0D805DD2B333AA40068D5E9 /* SwiftHook */ = {
			isa = XCSwiftPackageProductDependency;
			productName = SwiftHook;
		};
/* End XCSwiftPackageProductDependency section */
	};
	rootObject = A050D0102B275F3A005E05A4 /* Project object */;
}
