{
  "pins" : [
    {
      "identity" : "libffi",
      "kind" : "remoteSourceControl",
      "location" : "https://github.com/623637646/libffi.git",
      "state" : {
        "revision" : "72e278f739bc90cbe92932633d1df4eda0a1a06f",
        "version" : "3.4.4-iOS"
      }
    }
  ],
  "version" : 2
}
